// !$*UTF8*$!
{
	archiveVersion = 1;
	classes = {
	};
	objectVersion = 46;
	objects = {

/* Begin PBXBuildFile section */
		04046169D5603C9C420CD1FA /* Pods_template.framework in Frameworks */ = {isa = PBXBuildFile; fileRef = FC5EE7D932C4FAD2820A909C /* Pods_template.framework */; };
		3D52A022A91CA01AFE3E2C41 /* CXThreadExtension copy.swift in Sources */ = {isa = PBXBuildFile; fileRef = 3D52A7F84AEB1104F5EA3FB1 /* CXThreadExtension copy.swift */; };
		3D52A03399C692B99811B91F /* CXRepository.swift in Sources */ = {isa = PBXBuildFile; fileRef = 3D52AFEE1AAD6903E6CCE460 /* CXRepository.swift */; };
		3D52A040BA78D2773FF7C4AA /* CXHybird.swift in Sources */ = {isa = PBXBuildFile; fileRef = 3D52A08D05CD3DEE53D8987F /* CXHybird.swift */; };
		3D52A0885CC01144DF290BE8 /* Podfile in Resources */ = {isa = PBXBuildFile; fileRef = 3D52A20882EC1EF73C14E991 /* Podfile */; };
		3D52A0A0756E7183F1F5563C /* CXHybirdBundleInfoManager.swift in Sources */ = {isa = PBXBuildFile; fileRef = 3D52AFED1DB7B6E76D14125D /* CXHybirdBundleInfoManager.swift */; };
		3D52A0B6EEEEC14848A39BBF /* CXHybirdMethods.swift in Sources */ = {isa = PBXBuildFile; fileRef = 3D52AA0F380BCC12CC6C6546 /* CXHybirdMethods.swift */; };
		3D52A0E04E0F3E02B2DFDEA9 /* CXUIWebView.swift in Sources */ = {isa = PBXBuildFile; fileRef = 3D52AA5A9F88A69C2C6D324A /* CXUIWebView.swift */; };
		3D52A16A4764F7E86FFCE033 /* CXHybirdLifecycleManager.swift in Sources */ = {isa = PBXBuildFile; fileRef = 3D52A31DAB23821567C1CD58 /* CXHybirdLifecycleManager.swift */; };
		3D52A1895E4530159AADE950 /* CXHybirdManagerOC.m in Sources */ = {isa = PBXBuildFile; fileRef = 3D52A5F54BA6226D1729F789 /* CXHybirdManagerOC.m */; };
		3D52A1FF8EFC113C549B8AD4 /* CXJsonUtil.swift in Sources */ = {isa = PBXBuildFile; fileRef = 3D52A15CB1DB862880C81137 /* CXJsonUtil.swift */; };
		3D52A210D3D39EFB6F043D34 /* CXUIWebViewURLProtocol.swift in Sources */ = {isa = PBXBuildFile; fileRef = 3D52AA688FA6746C47FAD32E /* CXUIWebViewURLProtocol.swift */; };
		3D52A272E7F9840747019E1D /* README.md in Sources */ = {isa = PBXBuildFile; fileRef = 3D52ACCB49BA8114880A34B0 /* README.md */; };
		3D52A2B150C01FDE45A9A146 /* CXDialogUtil.swift in Sources */ = {isa = PBXBuildFile; fileRef = 3D52A434D826FAE42254929F /* CXDialogUtil.swift */; };
		3D52A2F2731B26B82EC50E98 /* CXHybirdModuleBundleModel.swift in Sources */ = {isa = PBXBuildFile; fileRef = 3D52A90DB8C8E93A25403D28 /* CXHybirdModuleBundleModel.swift */; };
		3D52A31B4E1C58EEF3B486CC /* CXLogUtil.swift in Sources */ = {isa = PBXBuildFile; fileRef = 3D52AA7428C1B7681EEA553D /* CXLogUtil.swift */; };
		3D52A44727269CAB7A1A66A0 /* CXThreadExtension.swift in Sources */ = {isa = PBXBuildFile; fileRef = 3D52A9238458C62421CAB4BF /* CXThreadExtension.swift */; };
		3D52A4A40DC94FDE79F662BC /* CXApiManager.swift in Sources */ = {isa = PBXBuildFile; fileRef = 3D52A66D56156157BA1E4FF6 /* CXApiManager.swift */; };
		3D52A4EC3CE14FD2420261F7 /* CXHybirdUpdateStrategy.swift in Sources */ = {isa = PBXBuildFile; fileRef = 3D52AE70C809010760CD2943 /* CXHybirdUpdateStrategy.swift */; };
		3D52A4FCE5A18B26EA1CA74F /* CXCoreExtension.swift in Sources */ = {isa = PBXBuildFile; fileRef = 3D52AD2DCE32233D04E14AD0 /* CXCoreExtension.swift */; };
		3D52A5096C684565B37D4F35 /* CXURLExtension.swift in Sources */ = {isa = PBXBuildFile; fileRef = 3D52ADD642C38FA594640436 /* CXURLExtension.swift */; };
		3D52A51FC22490328EAA099A /* CXPreferencesUtil.swift in Sources */ = {isa = PBXBuildFile; fileRef = 3D52A4139BC2B4F8ABE223D1 /* CXPreferencesUtil.swift */; };
		3D52A52170ED5582E5BAE81C /* CXHybirdModuleConfigModel.swift in Sources */ = {isa = PBXBuildFile; fileRef = 3D52AAF116313A9E907BFDB3 /* CXHybirdModuleConfigModel.swift */; };
		3D52A69875FB1EF98B6AAF1A /* CXToastUtil.swift in Sources */ = {isa = PBXBuildFile; fileRef = 3D52A75A52B118DD4AB1ED10 /* CXToastUtil.swift */; };
		3D52A6B762F56D17B1D889DB /* CXHybirdUtil.swift in Sources */ = {isa = PBXBuildFile; fileRef = 3D52A2C01DA28A843EC75AFE /* CXHybirdUtil.swift */; };
		3D52A715FBC8704FDD479C61 /* CXHybirdInitStrategy.swift in Sources */ = {isa = PBXBuildFile; fileRef = 3D52A92B6A23B01357632FB2 /* CXHybirdInitStrategy.swift */; };
		3D52A7440203FD3265E7B6EE /* SearchData.swift in Sources */ = {isa = PBXBuildFile; fileRef = 3D52ADF642546DCF1A0B3683 /* SearchData.swift */; };
		3D52A748BEA71808823C5468 /* CXNSObjectExtension.swift in Sources */ = {isa = PBXBuildFile; fileRef = 3D52A168C0B8C374184FBAB8 /* CXNSObjectExtension.swift */; };
		3D52A7DB7DA90C3D0342D9CB /* IllegalArgumentException.swift in Sources */ = {isa = PBXBuildFile; fileRef = 3D52A91A8CB203605AE0392D /* IllegalArgumentException.swift */; };
		3D52A7E84DCB6C7125E8AA9E /* CXTimeUtil.swift in Sources */ = {isa = PBXBuildFile; fileRef = 3D52A9696F4B13648DC9897E /* CXTimeUtil.swift */; };
		3D52A7F9EB694A0B2708C925 /* CXFileUtil.swift in Sources */ = {isa = PBXBuildFile; fileRef = 3D52A6C4303A3CD2095940F6 /* CXFileUtil.swift */; };
		3D52A838880EF31F77ED3587 /* CXWKWebView.swift in Sources */ = {isa = PBXBuildFile; fileRef = 3D52A030B5FD05EE9898B046 /* CXWKWebView.swift */; };
		3D52A87EE35CD13F9FD858BB /* WebViewClient.swift in Sources */ = {isa = PBXBuildFile; fileRef = 3D52AB39F9A92786DB69A319 /* WebViewClient.swift */; };
		3D52A886D7A487B64F8AD90D /* CategoryData.swift in Sources */ = {isa = PBXBuildFile; fileRef = 3D52A004966EF72B2F5CAA3B /* CategoryData.swift */; };
		3D52A8D8AC2FCF6436C7565A /* CXStringExtension.swift in Sources */ = {isa = PBXBuildFile; fileRef = 3D52A71BEC3E9D4B46058CEA /* CXStringExtension.swift */; };
		3D52A91B9ED6E358D271757E /* CXURLManager.swift in Sources */ = {isa = PBXBuildFile; fileRef = 3D52A2FDAE84E0C07657B63E /* CXURLManager.swift */; };
		3D52A93A2B8501FD6E8D6EA8 /* CXCacheManager.swift in Sources */ = {isa = PBXBuildFile; fileRef = 3D52AA948D98B9B192AF39FA /* CXCacheManager.swift */; };
		3D52A9625751BD098194F692 /* CXSystemUtil.swift in Sources */ = {isa = PBXBuildFile; fileRef = 3D52A3510C6BDFB8901A1DC2 /* CXSystemUtil.swift */; };
		3D52A96C5BF920C2046AFB0B /* FileNotFoundException.swift in Sources */ = {isa = PBXBuildFile; fileRef = 3D52A684944C5F931A59EA27 /* FileNotFoundException.swift */; };
		3D52AAB5DEDC91FAA1A02BD1 /* CXHybirdModuleManager.swift in Sources */ = {isa = PBXBuildFile; fileRef = 3D52A3F52C10593C560CACA8 /* CXHybirdModuleManager.swift */; };
		3D52ABAB249A23BC215DBE82 /* CXHybirdBridge.swift in Sources */ = {isa = PBXBuildFile; fileRef = 3D52A7F838985AEB0C4B2F44 /* CXHybirdBridge.swift */; };
		3D52ABAE483DA614BA26FED3 /* CXWKWebViewURLProtocol.swift in Sources */ = {isa = PBXBuildFile; fileRef = 3D52A849EFAB73504805A188 /* CXWKWebViewURLProtocol.swift */; };
		3D52ABBF4471F259761AFD38 /* HybirdWKWebViewController.swift in Sources */ = {isa = PBXBuildFile; fileRef = 3D52AB15C10C0A694D9E4FB7 /* HybirdWKWebViewController.swift */; };
		3D52ABE50F5B09751BEE5236 /* CXLogUtil2.swift in Sources */ = {isa = PBXBuildFile; fileRef = 3D52ABE755BEA3AB7F65B619 /* CXLogUtil2.swift */; };
		3D52AC0903FDD1F88D499439 /* CXConfig.swift in Sources */ = {isa = PBXBuildFile; fileRef = 3D52A484704CFACF79B8C779 /* CXConfig.swift */; };
		3D52AC41AB71A57E924DDEFC /* CXDataExtension.swift in Sources */ = {isa = PBXBuildFile; fileRef = 3D52A1AE25FC7CED3F95E08D /* CXDataExtension.swift */; };
		3D52AC77EC657656CD8D224A /* System.swift in Sources */ = {isa = PBXBuildFile; fileRef = 3D52A9CCFB8D7EC9354020C8 /* System.swift */; };
		3D52AC78324928522DC3E84A /* BaseRequestModel.swift in Sources */ = {isa = PBXBuildFile; fileRef = 3D52AB271F339A7A0D91588D /* BaseRequestModel.swift */; };
		3D52ACB9326D0E4F4E5512B8 /* CXChecksumUtil.swift in Sources */ = {isa = PBXBuildFile; fileRef = 3D52A7C566D8912DE7B7CD94 /* CXChecksumUtil.swift */; };
		3D52ADE49FA685AE89FBE3F3 /* RecommendData.swift in Sources */ = {isa = PBXBuildFile; fileRef = 3D52A7C4F979A3B8EE586CC2 /* RecommendData.swift */; };
		3D52ADFFCF7505549C75F5B4 /* HybirdUIWebViewController.swift in Sources */ = {isa = PBXBuildFile; fileRef = 3D52AAF7F42EC88F1390ECA4 /* HybirdUIWebViewController.swift */; };
		3D52AE214F41127F7CCFD0BE /* CXReflectUtil.swift in Sources */ = {isa = PBXBuildFile; fileRef = 3D52AE8BB7AC39B36A2E370C /* CXReflectUtil.swift */; };
		3D52AE3C9BA928668CC66FF6 /* UIButtonWithImage.swift in Sources */ = {isa = PBXBuildFile; fileRef = 3D52A9ECEBD94F6AEBAB38DA /* UIButtonWithImage.swift */; };
		3D52AE3CAD4601C075210D19 /* AddGoodCarData.swift in Sources */ = {isa = PBXBuildFile; fileRef = 3D52A369086CFA41357292F6 /* AddGoodCarData.swift */; };
		3D52AE5F0CDBDE88A4B6468A /* BaseResponseModel.swift in Sources */ = {isa = PBXBuildFile; fileRef = 3D52AFE2DFFBEAE4C7EFA9F5 /* BaseResponseModel.swift */; };
		3D52AE8EF71B0EA88DA71E85 /* CXZipUtil.swift in Sources */ = {isa = PBXBuildFile; fileRef = 3D52A71135F2E34620455935 /* CXZipUtil.swift */; };
		3D52AEB64CD9052FB7F76DE4 /* CXUIColorExtension.swift in Sources */ = {isa = PBXBuildFile; fileRef = 3D52AD6DE75017F3570280CA /* CXUIColorExtension.swift */; };
		3D52AEF7B72CB374B355D976 /* File.swift in Sources */ = {isa = PBXBuildFile; fileRef = 3D52A64E87F0AF12C66E20A7 /* File.swift */; };
		3D52AFC7C210B4E1F771D37E /* GetOrderYunFeeData.swift in Sources */ = {isa = PBXBuildFile; fileRef = 3D52A09D6632F76B4EDD5966 /* GetOrderYunFeeData.swift */; };
		3D52AFCE72CDBA4EFD1E97B9 /* CXHybirdDownloadManager.swift in Sources */ = {isa = PBXBuildFile; fileRef = 3D52ABA4A37DE293A0FF2C4D /* CXHybirdDownloadManager.swift */; };
		3D52AFF9D25D4B28E7FDB697 /* TextUtils.swift in Sources */ = {isa = PBXBuildFile; fileRef = 3D52A4C236EC9D2EBE1D1F2D /* TextUtils.swift */; };
		8763BF061F8DCA7800CA4E89 /* AppDelegate.swift in Sources */ = {isa = PBXBuildFile; fileRef = 8763BEE71F8DCA5400CA4E89 /* AppDelegate.swift */; };
		87856D571F8E0FB800D053DA /* assets.xcassets in Resources */ = {isa = PBXBuildFile; fileRef = 87856D561F8E0F9E00D053DA /* assets.xcassets */; };
/* End PBXBuildFile section */

/* Begin PBXFileReference section */
		06D69C8B9ACC2B092CE66DFE /* Pods-template.release.xcconfig */ = {isa = PBXFileReference; includeInIndex = 1; lastKnownFileType = text.xcconfig; name = "Pods-template.release.xcconfig"; path = "Pods/Target Support Files/Pods-template/Pods-template.release.xcconfig"; sourceTree = "<group>"; };
		3D52A004966EF72B2F5CAA3B /* CategoryData.swift */ = {isa = PBXFileReference; fileEncoding = 4; lastKnownFileType = sourcecode.swift; path = CategoryData.swift; sourceTree = "<group>"; };
		3D52A030B5FD05EE9898B046 /* CXWKWebView.swift */ = {isa = PBXFileReference; fileEncoding = 4; lastKnownFileType = sourcecode.swift; path = CXWKWebView.swift; sourceTree = "<group>"; };
		3D52A08D05CD3DEE53D8987F /* CXHybird.swift */ = {isa = PBXFileReference; fileEncoding = 4; lastKnownFileType = sourcecode.swift; path = CXHybird.swift; sourceTree = "<group>"; };
		3D52A09D6632F76B4EDD5966 /* GetOrderYunFeeData.swift */ = {isa = PBXFileReference; fileEncoding = 4; lastKnownFileType = sourcecode.swift; path = GetOrderYunFeeData.swift; sourceTree = "<group>"; };
		3D52A15CB1DB862880C81137 /* CXJsonUtil.swift */ = {isa = PBXFileReference; fileEncoding = 4; lastKnownFileType = sourcecode.swift; path = CXJsonUtil.swift; sourceTree = "<group>"; };
		3D52A168C0B8C374184FBAB8 /* CXNSObjectExtension.swift */ = {isa = PBXFileReference; fileEncoding = 4; lastKnownFileType = sourcecode.swift; path = CXNSObjectExtension.swift; sourceTree = "<group>"; };
		3D52A1AE25FC7CED3F95E08D /* CXDataExtension.swift */ = {isa = PBXFileReference; fileEncoding = 4; lastKnownFileType = sourcecode.swift; path = CXDataExtension.swift; sourceTree = "<group>"; };
		3D52A20882EC1EF73C14E991 /* Podfile */ = {isa = PBXFileReference; fileEncoding = 4; lastKnownFileType = text; path = Podfile; sourceTree = "<group>"; xcLanguageSpecificationIdentifier = xcode.lang.ruby; };
		3D52A2C01DA28A843EC75AFE /* CXHybirdUtil.swift */ = {isa = PBXFileReference; fileEncoding = 4; lastKnownFileType = sourcecode.swift; path = CXHybirdUtil.swift; sourceTree = "<group>"; };
		3D52A2FDAE84E0C07657B63E /* CXURLManager.swift */ = {isa = PBXFileReference; fileEncoding = 4; lastKnownFileType = sourcecode.swift; path = CXURLManager.swift; sourceTree = "<group>"; };
		3D52A31DAB23821567C1CD58 /* CXHybirdLifecycleManager.swift */ = {isa = PBXFileReference; fileEncoding = 4; lastKnownFileType = sourcecode.swift; path = CXHybirdLifecycleManager.swift; sourceTree = "<group>"; };
		3D52A3510C6BDFB8901A1DC2 /* CXSystemUtil.swift */ = {isa = PBXFileReference; fileEncoding = 4; lastKnownFileType = sourcecode.swift; path = CXSystemUtil.swift; sourceTree = "<group>"; };
		3D52A369086CFA41357292F6 /* AddGoodCarData.swift */ = {isa = PBXFileReference; fileEncoding = 4; lastKnownFileType = sourcecode.swift; path = AddGoodCarData.swift; sourceTree = "<group>"; };
		3D52A3F52C10593C560CACA8 /* CXHybirdModuleManager.swift */ = {isa = PBXFileReference; fileEncoding = 4; lastKnownFileType = sourcecode.swift; path = CXHybirdModuleManager.swift; sourceTree = "<group>"; };
		3D52A4139BC2B4F8ABE223D1 /* CXPreferencesUtil.swift */ = {isa = PBXFileReference; fileEncoding = 4; lastKnownFileType = sourcecode.swift; path = CXPreferencesUtil.swift; sourceTree = "<group>"; };
		3D52A434D826FAE42254929F /* CXDialogUtil.swift */ = {isa = PBXFileReference; fileEncoding = 4; lastKnownFileType = sourcecode.swift; path = CXDialogUtil.swift; sourceTree = "<group>"; };
		3D52A484704CFACF79B8C779 /* CXConfig.swift */ = {isa = PBXFileReference; fileEncoding = 4; lastKnownFileType = sourcecode.swift; path = CXConfig.swift; sourceTree = "<group>"; };
		3D52A4C236EC9D2EBE1D1F2D /* TextUtils.swift */ = {isa = PBXFileReference; fileEncoding = 4; lastKnownFileType = sourcecode.swift; path = TextUtils.swift; sourceTree = "<group>"; };
		3D52A5F54BA6226D1729F789 /* CXHybirdManagerOC.m */ = {isa = PBXFileReference; fileEncoding = 4; lastKnownFileType = sourcecode.c.objc; path = CXHybirdManagerOC.m; sourceTree = "<group>"; };
		3D52A64E87F0AF12C66E20A7 /* File.swift */ = {isa = PBXFileReference; fileEncoding = 4; lastKnownFileType = sourcecode.swift; path = File.swift; sourceTree = "<group>"; };
		3D52A66D56156157BA1E4FF6 /* CXApiManager.swift */ = {isa = PBXFileReference; fileEncoding = 4; lastKnownFileType = sourcecode.swift; path = CXApiManager.swift; sourceTree = "<group>"; };
		3D52A684944C5F931A59EA27 /* FileNotFoundException.swift */ = {isa = PBXFileReference; fileEncoding = 4; lastKnownFileType = sourcecode.swift; path = FileNotFoundException.swift; sourceTree = "<group>"; };
		3D52A6C4303A3CD2095940F6 /* CXFileUtil.swift */ = {isa = PBXFileReference; fileEncoding = 4; lastKnownFileType = sourcecode.swift; path = CXFileUtil.swift; sourceTree = "<group>"; };
		3D52A71135F2E34620455935 /* CXZipUtil.swift */ = {isa = PBXFileReference; fileEncoding = 4; lastKnownFileType = sourcecode.swift; path = CXZipUtil.swift; sourceTree = "<group>"; };
		3D52A71BEC3E9D4B46058CEA /* CXStringExtension.swift */ = {isa = PBXFileReference; fileEncoding = 4; lastKnownFileType = sourcecode.swift; path = CXStringExtension.swift; sourceTree = "<group>"; };
		3D52A75A52B118DD4AB1ED10 /* CXToastUtil.swift */ = {isa = PBXFileReference; fileEncoding = 4; lastKnownFileType = sourcecode.swift; path = CXToastUtil.swift; sourceTree = "<group>"; };
		3D52A7C4F979A3B8EE586CC2 /* RecommendData.swift */ = {isa = PBXFileReference; fileEncoding = 4; lastKnownFileType = sourcecode.swift; path = RecommendData.swift; sourceTree = "<group>"; };
		3D52A7C566D8912DE7B7CD94 /* CXChecksumUtil.swift */ = {isa = PBXFileReference; fileEncoding = 4; lastKnownFileType = sourcecode.swift; path = CXChecksumUtil.swift; sourceTree = "<group>"; };
		3D52A7F838985AEB0C4B2F44 /* CXHybirdBridge.swift */ = {isa = PBXFileReference; fileEncoding = 4; lastKnownFileType = sourcecode.swift; path = CXHybirdBridge.swift; sourceTree = "<group>"; };
		3D52A7F84AEB1104F5EA3FB1 /* CXThreadExtension copy.swift */ = {isa = PBXFileReference; fileEncoding = 4; lastKnownFileType = sourcecode.swift; path = "CXThreadExtension copy.swift"; sourceTree = "<group>"; };
		3D52A849EFAB73504805A188 /* CXWKWebViewURLProtocol.swift */ = {isa = PBXFileReference; fileEncoding = 4; lastKnownFileType = sourcecode.swift; path = CXWKWebViewURLProtocol.swift; sourceTree = "<group>"; };
		3D52A90DB8C8E93A25403D28 /* CXHybirdModuleBundleModel.swift */ = {isa = PBXFileReference; fileEncoding = 4; lastKnownFileType = sourcecode.swift; path = CXHybirdModuleBundleModel.swift; sourceTree = "<group>"; };
		3D52A91A8CB203605AE0392D /* IllegalArgumentException.swift */ = {isa = PBXFileReference; fileEncoding = 4; lastKnownFileType = sourcecode.swift; path = IllegalArgumentException.swift; sourceTree = "<group>"; };
		3D52A9238458C62421CAB4BF /* CXThreadExtension.swift */ = {isa = PBXFileReference; fileEncoding = 4; lastKnownFileType = sourcecode.swift; path = CXThreadExtension.swift; sourceTree = "<group>"; };
		3D52A92B6A23B01357632FB2 /* CXHybirdInitStrategy.swift */ = {isa = PBXFileReference; fileEncoding = 4; lastKnownFileType = sourcecode.swift; path = CXHybirdInitStrategy.swift; sourceTree = "<group>"; };
		3D52A9696F4B13648DC9897E /* CXTimeUtil.swift */ = {isa = PBXFileReference; fileEncoding = 4; lastKnownFileType = sourcecode.swift; path = CXTimeUtil.swift; sourceTree = "<group>"; };
		3D52A9CCFB8D7EC9354020C8 /* System.swift */ = {isa = PBXFileReference; fileEncoding = 4; lastKnownFileType = sourcecode.swift; path = System.swift; sourceTree = "<group>"; };
		3D52A9ECEBD94F6AEBAB38DA /* UIButtonWithImage.swift */ = {isa = PBXFileReference; fileEncoding = 4; lastKnownFileType = sourcecode.swift; path = UIButtonWithImage.swift; sourceTree = "<group>"; };
		3D52AA0F380BCC12CC6C6546 /* CXHybirdMethods.swift */ = {isa = PBXFileReference; fileEncoding = 4; lastKnownFileType = sourcecode.swift; path = CXHybirdMethods.swift; sourceTree = "<group>"; };
		3D52AA5A9F88A69C2C6D324A /* CXUIWebView.swift */ = {isa = PBXFileReference; fileEncoding = 4; lastKnownFileType = sourcecode.swift; path = CXUIWebView.swift; sourceTree = "<group>"; };
		3D52AA688FA6746C47FAD32E /* CXUIWebViewURLProtocol.swift */ = {isa = PBXFileReference; fileEncoding = 4; lastKnownFileType = sourcecode.swift; path = CXUIWebViewURLProtocol.swift; sourceTree = "<group>"; };
		3D52AA7428C1B7681EEA553D /* CXLogUtil.swift */ = {isa = PBXFileReference; fileEncoding = 4; lastKnownFileType = sourcecode.swift; path = CXLogUtil.swift; sourceTree = "<group>"; };
		3D52AA948D98B9B192AF39FA /* CXCacheManager.swift */ = {isa = PBXFileReference; fileEncoding = 4; lastKnownFileType = sourcecode.swift; path = CXCacheManager.swift; sourceTree = "<group>"; };
		3D52AAF116313A9E907BFDB3 /* CXHybirdModuleConfigModel.swift */ = {isa = PBXFileReference; fileEncoding = 4; lastKnownFileType = sourcecode.swift; path = CXHybirdModuleConfigModel.swift; sourceTree = "<group>"; };
		3D52AAF7F42EC88F1390ECA4 /* HybirdUIWebViewController.swift */ = {isa = PBXFileReference; fileEncoding = 4; lastKnownFileType = sourcecode.swift; path = HybirdUIWebViewController.swift; sourceTree = "<group>"; };
		3D52AB15C10C0A694D9E4FB7 /* HybirdWKWebViewController.swift */ = {isa = PBXFileReference; fileEncoding = 4; lastKnownFileType = sourcecode.swift; path = HybirdWKWebViewController.swift; sourceTree = "<group>"; };
		3D52AB271F339A7A0D91588D /* BaseRequestModel.swift */ = {isa = PBXFileReference; fileEncoding = 4; lastKnownFileType = sourcecode.swift; path = BaseRequestModel.swift; sourceTree = "<group>"; };
		3D52AB39F9A92786DB69A319 /* WebViewClient.swift */ = {isa = PBXFileReference; fileEncoding = 4; lastKnownFileType = sourcecode.swift; path = WebViewClient.swift; sourceTree = "<group>"; };
		3D52ABA4A37DE293A0FF2C4D /* CXHybirdDownloadManager.swift */ = {isa = PBXFileReference; fileEncoding = 4; lastKnownFileType = sourcecode.swift; path = CXHybirdDownloadManager.swift; sourceTree = "<group>"; };
		3D52ABE755BEA3AB7F65B619 /* CXLogUtil2.swift */ = {isa = PBXFileReference; fileEncoding = 4; lastKnownFileType = sourcecode.swift; path = CXLogUtil2.swift; sourceTree = "<group>"; };
		3D52ACCB49BA8114880A34B0 /* README.md */ = {isa = PBXFileReference; fileEncoding = 4; lastKnownFileType = net.daringfireball.markdown; path = README.md; sourceTree = "<group>"; };
		3D52AD2DCE32233D04E14AD0 /* CXCoreExtension.swift */ = {isa = PBXFileReference; fileEncoding = 4; lastKnownFileType = sourcecode.swift; path = CXCoreExtension.swift; sourceTree = "<group>"; };
		3D52AD6DE75017F3570280CA /* CXUIColorExtension.swift */ = {isa = PBXFileReference; fileEncoding = 4; lastKnownFileType = sourcecode.swift; path = CXUIColorExtension.swift; sourceTree = "<group>"; };
		3D52ADD642C38FA594640436 /* CXURLExtension.swift */ = {isa = PBXFileReference; fileEncoding = 4; lastKnownFileType = sourcecode.swift; path = CXURLExtension.swift; sourceTree = "<group>"; };
		3D52ADF642546DCF1A0B3683 /* SearchData.swift */ = {isa = PBXFileReference; fileEncoding = 4; lastKnownFileType = sourcecode.swift; path = SearchData.swift; sourceTree = "<group>"; };
		3D52AE70C809010760CD2943 /* CXHybirdUpdateStrategy.swift */ = {isa = PBXFileReference; fileEncoding = 4; lastKnownFileType = sourcecode.swift; path = CXHybirdUpdateStrategy.swift; sourceTree = "<group>"; };
		3D52AE8BB7AC39B36A2E370C /* CXReflectUtil.swift */ = {isa = PBXFileReference; fileEncoding = 4; lastKnownFileType = sourcecode.swift; path = CXReflectUtil.swift; sourceTree = "<group>"; };
		3D52AFE2DFFBEAE4C7EFA9F5 /* BaseResponseModel.swift */ = {isa = PBXFileReference; fileEncoding = 4; lastKnownFileType = sourcecode.swift; path = BaseResponseModel.swift; sourceTree = "<group>"; };
		3D52AFED1DB7B6E76D14125D /* CXHybirdBundleInfoManager.swift */ = {isa = PBXFileReference; fileEncoding = 4; lastKnownFileType = sourcecode.swift; path = CXHybirdBundleInfoManager.swift; sourceTree = "<group>"; };
		3D52AFEE1AAD6903E6CCE460 /* CXRepository.swift */ = {isa = PBXFileReference; fileEncoding = 4; lastKnownFileType = sourcecode.swift; path = CXRepository.swift; sourceTree = "<group>"; };
		3D52AFFF257156A8C0EF2BEE /* CXHybirdManagerOC.h */ = {isa = PBXFileReference; fileEncoding = 4; lastKnownFileType = sourcecode.c.h; path = CXHybirdManagerOC.h; sourceTree = "<group>"; };
		8763BEE71F8DCA5400CA4E89 /* AppDelegate.swift */ = {isa = PBXFileReference; lastKnownFileType = sourcecode.swift; path = AppDelegate.swift; sourceTree = "<group>"; };
		8763BEEA1F8DCA5400CA4E89 /* Base */ = {isa = PBXFileReference; lastKnownFileType = file.storyboard; name = Base; path = Base.lproj/LaunchScreen.storyboard; sourceTree = "<group>"; };
		8763BEEC1F8DCA5400CA4E89 /* Base */ = {isa = PBXFileReference; lastKnownFileType = file.storyboard; name = Base; path = Base.lproj/Main.storyboard; sourceTree = "<group>"; };
		8763BEEE1F8DCA5400CA4E89 /* Info.plist */ = {isa = PBXFileReference; lastKnownFileType = text.plist.xml; path = Info.plist; sourceTree = "<group>"; };
		8763BEF71F8DCA5400CA4E89 /* .gitkeep */ = {isa = PBXFileReference; lastKnownFileType = text; path = .gitkeep; sourceTree = "<group>"; };
		8763BF011F8DCA5400CA4E89 /* .gitkeep */ = {isa = PBXFileReference; lastKnownFileType = text; path = .gitkeep; sourceTree = "<group>"; };
		8763BF031F8DCA5400CA4E89 /* .gitkeep */ = {isa = PBXFileReference; lastKnownFileType = text; path = .gitkeep; sourceTree = "<group>"; };
		8763BF0D1F8DCAB500CA4E89 /* .gitkeep */ = {isa = PBXFileReference; lastKnownFileType = text; path = .gitkeep; sourceTree = "<group>"; };
		87856D561F8E0F9E00D053DA /* assets.xcassets */ = {isa = PBXFileReference; lastKnownFileType = folder.assetcatalog; path = assets.xcassets; sourceTree = "<group>"; };
		87B442B91FA322E600BE03B6 /* template-Bridging-Header.h */ = {isa = PBXFileReference; lastKnownFileType = sourcecode.c.h; path = "template-Bridging-Header.h"; sourceTree = "<group>"; };
		D758266E12247889767BE3A9 /* Pods-template.debug.xcconfig */ = {isa = PBXFileReference; includeInIndex = 1; lastKnownFileType = text.xcconfig; name = "Pods-template.debug.xcconfig"; path = "Pods/Target Support Files/Pods-template/Pods-template.debug.xcconfig"; sourceTree = "<group>"; };
		FC5EE7D932C4FAD2820A909C /* Pods_template.framework */ = {isa = PBXFileReference; explicitFileType = wrapper.framework; includeInIndex = 0; path = Pods_template.framework; sourceTree = BUILT_PRODUCTS_DIR; };
/* End PBXFileReference section */

/* Begin PBXFrameworksBuildPhase section */
		8753A5E91F22633C00BA4AD4 /* Frameworks */ = {
			isa = PBXFrameworksBuildPhase;
			buildActionMask = 2147483647;
			files = (
				04046169D5603C9C420CD1FA /* Pods_template.framework in Frameworks */,
			);
			runOnlyForDeploymentPostprocessing = 0;
		};
/* End PBXFrameworksBuildPhase section */

/* Begin PBXGroup section */
		39A3A0D870A969F29446D91F /* Frameworks */ = {
			isa = PBXGroup;
			children = (
				FC5EE7D932C4FAD2820A909C /* Pods_template.framework */,
			);
			name = Frameworks;
			sourceTree = "<group>";
		};
		3D52A062AF359247749CA879 /* model */ = {
			isa = PBXGroup;
			children = (
				3D52A90DB8C8E93A25403D28 /* CXHybirdModuleBundleModel.swift */,
				3D52AAF116313A9E907BFDB3 /* CXHybirdModuleConfigModel.swift */,
			);
			path = model;
			sourceTree = "<group>";
		};
		3D52A0E74EE605071D7DC73D /* bundle */ = {
			isa = PBXGroup;
			children = (
				3D52A08D05CD3DEE53D8987F /* CXHybird.swift */,
				3D52AABDC642B670CBFD26EA /* manager */,
				3D52A062AF359247749CA879 /* model */,
				3D52A2274F89736703D98041 /* strategy */,
				3D52A57D9896D17DFDCD1CA7 /* util */,
			);
			path = bundle;
			sourceTree = "<group>";
		};
		3D52A2274F89736703D98041 /* strategy */ = {
			isa = PBXGroup;
			children = (
				3D52A92B6A23B01357632FB2 /* CXHybirdInitStrategy.swift */,
				3D52AE70C809010760CD2943 /* CXHybirdUpdateStrategy.swift */,
			);
			path = strategy;
			sourceTree = "<group>";
		};
		3D52A2C8A9DC8E4679B2701E /* core */ = {
			isa = PBXGroup;
			children = (
			);
			path = core;
			sourceTree = "<group>";
		};
		3D52A2D10274200C5826E07C /* hybird */ = {
			isa = PBXGroup;
			children = (
				87B442B91FA322E600BE03B6 /* template-Bridging-Header.h */,
				3D52A7F838985AEB0C4B2F44 /* CXHybirdBridge.swift */,
				3D52AFFF257156A8C0EF2BEE /* CXHybirdManagerOC.h */,
				3D52A5F54BA6226D1729F789 /* CXHybirdManagerOC.m */,
				3D52AA0F380BCC12CC6C6546 /* CXHybirdMethods.swift */,
			);
			path = hybird;
			sourceTree = "<group>";
		};
		3D52A3F63EA611F0730B3B53 /* hybird */ = {
			isa = PBXGroup;
			children = (
			);
			path = hybird;
			sourceTree = "<group>";
		};
		3D52A480A41AAC8BF3B03456 /* remote */ = {
			isa = PBXGroup;
			children = (
				3D52A49B068C01D98CBE6137 /* model */,
				3D52A6AA5FD256FA1B76A859 /* exception */,
				3D52A2C8A9DC8E4679B2701E /* core */,
				3D52A2FDAE84E0C07657B63E /* CXURLManager.swift */,
				3D52A66D56156157BA1E4FF6 /* CXApiManager.swift */,
			);
			path = remote;
			sourceTree = "<group>";
		};
		3D52A49B068C01D98CBE6137 /* model */ = {
			isa = PBXGroup;
			children = (
				3D52AFE2DFFBEAE4C7EFA9F5 /* BaseResponseModel.swift */,
				3D52AB271F339A7A0D91588D /* BaseRequestModel.swift */,
				3D52A79229930A400EB5E9B5 /* data */,
			);
			path = model;
			sourceTree = "<group>";
		};
		3D52A4A00D5B656C508FADBE /* util */ = {
			isa = PBXGroup;
			children = (
				3D52A2D10274200C5826E07C /* hybird */,
				3D52A6C4303A3CD2095940F6 /* CXFileUtil.swift */,
				3D52AA7428C1B7681EEA553D /* CXLogUtil.swift */,
				3D52AE8BB7AC39B36A2E370C /* CXReflectUtil.swift */,
				3D52A3510C6BDFB8901A1DC2 /* CXSystemUtil.swift */,
				3D52A71135F2E34620455935 /* CXZipUtil.swift */,
				3D52A15CB1DB862880C81137 /* CXJsonUtil.swift */,
				3D52A4139BC2B4F8ABE223D1 /* CXPreferencesUtil.swift */,
				3D52AB39F9A92786DB69A319 /* WebViewClient.swift */,
				3D52AA948D98B9B192AF39FA /* CXCacheManager.swift */,
				3D52A9696F4B13648DC9897E /* CXTimeUtil.swift */,
				3D52A7C566D8912DE7B7CD94 /* CXChecksumUtil.swift */,
				3D52ABE755BEA3AB7F65B619 /* CXLogUtil2.swift */,
				3D52A75A52B118DD4AB1ED10 /* CXToastUtil.swift */,
				3D52A434D826FAE42254929F /* CXDialogUtil.swift */,
			);
			path = util;
			sourceTree = "<group>";
		};
		3D52A57D9896D17DFDCD1CA7 /* util */ = {
			isa = PBXGroup;
			children = (
				3D52A2C01DA28A843EC75AFE /* CXHybirdUtil.swift */,
			);
			path = util;
			sourceTree = "<group>";
		};
		3D52A6771CA237F436E5F5A7 /* exception */ = {
			isa = PBXGroup;
			children = (
				3D52A91A8CB203605AE0392D /* IllegalArgumentException.swift */,
				3D52A684944C5F931A59EA27 /* FileNotFoundException.swift */,
			);
			path = exception;
			sourceTree = "<group>";
		};
		3D52A6AA5FD256FA1B76A859 /* exception */ = {
			isa = PBXGroup;
			children = (
			);
			path = exception;
			sourceTree = "<group>";
		};
		3D52A78BE57FFC61869187B9 /* webview */ = {
			isa = PBXGroup;
			children = (
				3D52AA5A9F88A69C2C6D324A /* CXUIWebView.swift */,
				3D52A030B5FD05EE9898B046 /* CXWKWebView.swift */,
				3D52AC7B544EF9A661E02A0A /* protocol */,
			);
			path = webview;
			sourceTree = "<group>";
		};
		3D52A79229930A400EB5E9B5 /* data */ = {
			isa = PBXGroup;
			children = (
				3D52ADF642546DCF1A0B3683 /* SearchData.swift */,
				3D52A004966EF72B2F5CAA3B /* CategoryData.swift */,
				3D52A7C4F979A3B8EE586CC2 /* RecommendData.swift */,
				3D52A369086CFA41357292F6 /* AddGoodCarData.swift */,
				3D52A09D6632F76B4EDD5966 /* GetOrderYunFeeData.swift */,
			);
			path = data;
			sourceTree = "<group>";
		};
		3D52A87CA29C46574229923B /* java */ = {
			isa = PBXGroup;
			children = (
				3D52A64E87F0AF12C66E20A7 /* File.swift */,
				3D52A4C236EC9D2EBE1D1F2D /* TextUtils.swift */,
				3D52A9CCFB8D7EC9354020C8 /* System.swift */,
				3D52A6771CA237F436E5F5A7 /* exception */,
			);
			path = java;
			sourceTree = "<group>";
		};
		3D52AA2FA888BF152B987199 /* widget */ = {
			isa = PBXGroup;
			children = (
				3D52A9ECEBD94F6AEBAB38DA /* UIButtonWithImage.swift */,
				3D52A78BE57FFC61869187B9 /* webview */,
			);
			path = widget;
			sourceTree = "<group>";
		};
		3D52AA842B95DCD4A2BC284D /* library-template-repository */ = {
			isa = PBXGroup;
			children = (
				3D52AFEE1AAD6903E6CCE460 /* CXRepository.swift */,
				3D52A480A41AAC8BF3B03456 /* remote */,
			);
			path = "library-template-repository";
			sourceTree = "<group>";
		};
		3D52AABDC642B670CBFD26EA /* manager */ = {
			isa = PBXGroup;
			children = (
				3D52A3F52C10593C560CACA8 /* CXHybirdModuleManager.swift */,
				3D52ABA4A37DE293A0FF2C4D /* CXHybirdDownloadManager.swift */,
				3D52A31DAB23821567C1CD58 /* CXHybirdLifecycleManager.swift */,
				3D52AFED1DB7B6E76D14125D /* CXHybirdBundleInfoManager.swift */,
			);
			path = manager;
			sourceTree = "<group>";
		};
		3D52AC7B544EF9A661E02A0A /* protocol */ = {
			isa = PBXGroup;
			children = (
				3D52A849EFAB73504805A188 /* CXWKWebViewURLProtocol.swift */,
				3D52AA688FA6746C47FAD32E /* CXUIWebViewURLProtocol.swift */,
			);
			path = protocol;
			sourceTree = "<group>";
		};
		3D52AD0CFB42EC7C232D5E55 /* src */ = {
			isa = PBXGroup;
			children = (
				3D52AA2FA888BF152B987199 /* widget */,
				3D52A4A00D5B656C508FADBE /* util */,
				3D52AD7253BE03D1D0ED829E /* base */,
				3D52A0E74EE605071D7DC73D /* bundle */,
			);
			path = src;
			sourceTree = "<group>";
		};
		3D52AD7253BE03D1D0ED829E /* base */ = {
			isa = PBXGroup;
			children = (
				3D52A87CA29C46574229923B /* java */,
				3D52AF3BFC498D470267612F /* extension */,
				3D52A484704CFACF79B8C779 /* CXConfig.swift */,
			);
			path = base;
			sourceTree = "<group>";
		};
		3D52ADE4D01DB314C3E9C887 /* assets */ = {
			isa = PBXGroup;
			children = (
				3D52A3F63EA611F0730B3B53 /* hybird */,
			);
			path = assets;
			sourceTree = "<group>";
		};
		3D52AF3BFC498D470267612F /* extension */ = {
			isa = PBXGroup;
			children = (
				3D52AD6DE75017F3570280CA /* CXUIColorExtension.swift */,
				3D52A71BEC3E9D4B46058CEA /* CXStringExtension.swift */,
				3D52A1AE25FC7CED3F95E08D /* CXDataExtension.swift */,
				3D52ADD642C38FA594640436 /* CXURLExtension.swift */,
				3D52A168C0B8C374184FBAB8 /* CXNSObjectExtension.swift */,
				3D52AD2DCE32233D04E14AD0 /* CXCoreExtension.swift */,
				3D52A9238458C62421CAB4BF /* CXThreadExtension.swift */,
				3D52A7F84AEB1104F5EA3FB1 /* CXThreadExtension copy.swift */,
			);
			path = extension;
			sourceTree = "<group>";
		};
		8753A5E31F22633C00BA4AD4 = {
			isa = PBXGroup;
			children = (
				8763BEE21F8DCA5300CA4E89 /* arsenal */,
				8763BF0A1F8DCAB500CA4E89 /* readme */,
				3D52A20882EC1EF73C14E991 /* Podfile */,
				B24924701482C10D6AA9BFC9 /* Pods */,
				8753A5ED1F22633C00BA4AD4 /* Products */,
				39A3A0D870A969F29446D91F /* Frameworks */,
			);
			sourceTree = "<group>";
		};
		8753A5ED1F22633C00BA4AD4 /* Products */ = {
			isa = PBXGroup;
			children = (
			);
			name = Products;
			sourceTree = "<group>";
		};
		8763BEE21F8DCA5300CA4E89 /* arsenal */ = {
			isa = PBXGroup;
			children = (
				8763BEE31F8DCA5300CA4E89 /* apps */,
				8763BEF21F8DCA5400CA4E89 /* libraries */,
				8763BEF81F8DCA5400CA4E89 /* modules */,
			);
			path = arsenal;
			sourceTree = "<group>";
		};
		8763BEE31F8DCA5300CA4E89 /* apps */ = {
			isa = PBXGroup;
			children = (
				8763BEE51F8DCA5300CA4E89 /* app-template */,
			);
			path = apps;
			sourceTree = "<group>";
		};
		8763BEE51F8DCA5300CA4E89 /* app-template */ = {
			isa = PBXGroup;
			children = (
				8763BEE71F8DCA5400CA4E89 /* AppDelegate.swift */,
				8763BEE91F8DCA5400CA4E89 /* LaunchScreen.storyboard */,
				8763BEEB1F8DCA5400CA4E89 /* Main.storyboard */,
				8763BEEE1F8DCA5400CA4E89 /* Info.plist */,
			);
			path = "app-template";
			sourceTree = "<group>";
		};
		8763BEF21F8DCA5400CA4E89 /* libraries */ = {
			isa = PBXGroup;
			children = (
				8763BEF41F8DCA5400CA4E89 /* library-base */,
				8763BEF61F8DCA5400CA4E89 /* library-template-base */,
				3D52AA842B95DCD4A2BC284D /* library-template-repository */,
			);
			path = libraries;
			sourceTree = "<group>";
		};
		8763BEF41F8DCA5400CA4E89 /* library-base */ = {
			isa = PBXGroup;
			children = (
				3D52AD0CFB42EC7C232D5E55 /* src */,
			);
			path = "library-base";
			sourceTree = "<group>";
		};
		8763BEF61F8DCA5400CA4E89 /* library-template-base */ = {
			isa = PBXGroup;
			children = (
				8763BEF71F8DCA5400CA4E89 /* .gitkeep */,
			);
			path = "library-template-base";
			sourceTree = "<group>";
		};
		8763BEF81F8DCA5400CA4E89 /* modules */ = {
			isa = PBXGroup;
			children = (
				8763BEFA1F8DCA5400CA4E89 /* module-template-home */,
				8763BEFC1F8DCA5400CA4E89 /* module-template-hybird */,
				8763BF001F8DCA5400CA4E89 /* module-template-mine */,
				8763BF021F8DCA5400CA4E89 /* module-template-setting */,
			);
			path = modules;
			sourceTree = "<group>";
		};
		8763BEFA1F8DCA5400CA4E89 /* module-template-home */ = {
			isa = PBXGroup;
			children = (
				87856D561F8E0F9E00D053DA /* assets.xcassets */,
			);
			path = "module-template-home";
			sourceTree = "<group>";
		};
		8763BEFC1F8DCA5400CA4E89 /* module-template-hybird */ = {
			isa = PBXGroup;
			children = (
				87856D481F8E02B300D053DA /* src */,
				3D52ADE4D01DB314C3E9C887 /* assets */,
			);
			path = "module-template-hybird";
			sourceTree = "<group>";
		};
		8763BF001F8DCA5400CA4E89 /* module-template-mine */ = {
			isa = PBXGroup;
			children = (
				8763BF011F8DCA5400CA4E89 /* .gitkeep */,
			);
			path = "module-template-mine";
			sourceTree = "<group>";
		};
		8763BF021F8DCA5400CA4E89 /* module-template-setting */ = {
			isa = PBXGroup;
			children = (
				8763BF031F8DCA5400CA4E89 /* .gitkeep */,
			);
			path = "module-template-setting";
			sourceTree = "<group>";
		};
		8763BF0A1F8DCAB500CA4E89 /* readme */ = {
			isa = PBXGroup;
			children = (
				8763BF0C1F8DCAB500CA4E89 /* scripts */,
				3D52ACCB49BA8114880A34B0 /* README.md */,
			);
			path = readme;
			sourceTree = "<group>";
		};
		8763BF0C1F8DCAB500CA4E89 /* scripts */ = {
			isa = PBXGroup;
			children = (
				8763BF0D1F8DCAB500CA4E89 /* .gitkeep */,
			);
			path = scripts;
			sourceTree = "<group>";
		};
		87856D481F8E02B300D053DA /* src */ = {
			isa = PBXGroup;
			children = (
				3D52AB15C10C0A694D9E4FB7 /* HybirdWKWebViewController.swift */,
				3D52AAF7F42EC88F1390ECA4 /* HybirdUIWebViewController.swift */,
			);
			path = src;
			sourceTree = "<group>";
		};
		B24924701482C10D6AA9BFC9 /* Pods */ = {
			isa = PBXGroup;
			children = (
				D758266E12247889767BE3A9 /* Pods-template.debug.xcconfig */,
				06D69C8B9ACC2B092CE66DFE /* Pods-template.release.xcconfig */,
			);
			name = Pods;
			sourceTree = "<group>";
		};
/* End PBXGroup section */

/* Begin PBXNativeTarget section */
		8753A5EB1F22633C00BA4AD4 /* template */ = {
			isa = PBXNativeTarget;
			buildConfigurationList = 8753A5FE1F22633C00BA4AD4 /* Build configuration list for PBXNativeTarget "template" */;
			buildPhases = (
				4DB3506FE4B2C5673C8CFCD0 /* [CP] Check Pods Manifest.lock */,
				8753A5E81F22633C00BA4AD4 /* Sources */,
				8753A5E91F22633C00BA4AD4 /* Frameworks */,
				8753A5EA1F22633C00BA4AD4 /* Resources */,
				471705CCB59EB0F4AA392CF3 /* [CP] Embed Pods Frameworks */,
				52CAED0E63853AA65807916F /* [CP] Copy Pods Resources */,
			);
			buildRules = (
			);
			dependencies = (
			);
			name = template;
			productName = "fruit-shop-ios";
			productType = "com.apple.product-type.application";
		};
/* End PBXNativeTarget section */

/* Begin PBXProject section */
		8753A5E41F22633C00BA4AD4 /* Project object */ = {
			isa = PBXProject;
			attributes = {
				LastSwiftUpdateCheck = 0830;
				LastUpgradeCheck = 0900;
				ORGANIZATIONNAME = com.smart;
				TargetAttributes = {
					8753A5EB1F22633C00BA4AD4 = {
						CreatedOnToolsVersion = 8.3.3;
						DevelopmentTeam = ZGJH8VAAW9;
						LastSwiftMigration = 0900;
						ProvisioningStyle = Automatic;
					};
				};
			};
			buildConfigurationList = 8753A5E71F22633C00BA4AD4 /* Build configuration list for PBXProject "template" */;
			compatibilityVersion = "Xcode 3.2";
			developmentRegion = English;
			hasScannedForEncodings = 0;
			knownRegions = (
				en,
				Base,
			);
			mainGroup = 8753A5E31F22633C00BA4AD4;
			productRefGroup = 8753A5ED1F22633C00BA4AD4 /* Products */;
			projectDirPath = "";
			projectRoot = "";
			targets = (
				8753A5EB1F22633C00BA4AD4 /* template */,
			);
		};
/* End PBXProject section */

/* Begin PBXResourcesBuildPhase section */
		8753A5EA1F22633C00BA4AD4 /* Resources */ = {
			isa = PBXResourcesBuildPhase;
			buildActionMask = 2147483647;
			files = (
				87856D571F8E0FB800D053DA /* assets.xcassets in Resources */,
				3D52A0885CC01144DF290BE8 /* Podfile in Resources */,
			);
			runOnlyForDeploymentPostprocessing = 0;
		};
/* End PBXResourcesBuildPhase section */

/* Begin PBXShellScriptBuildPhase section */
		471705CCB59EB0F4AA392CF3 /* [CP] Embed Pods Frameworks */ = {
			isa = PBXShellScriptBuildPhase;
			buildActionMask = 2147483647;
			files = (
			);
			inputPaths = (
				"${SRCROOT}/Pods/Target Support Files/Pods-template/Pods-template-frameworks.sh",
				"${BUILT_PRODUCTS_DIR}/Alamofire/Alamofire.framework",
				"${BUILT_PRODUCTS_DIR}/MBProgressHUD/MBProgressHUD.framework",
				"${BUILT_PRODUCTS_DIR}/Moya/Moya.framework",
				"${BUILT_PRODUCTS_DIR}/Result/Result.framework",
				"${BUILT_PRODUCTS_DIR}/RxCocoa/RxCocoa.framework",
				"${BUILT_PRODUCTS_DIR}/RxSwift/RxSwift.framework",
				"${BUILT_PRODUCTS_DIR}/SnapKit/SnapKit.framework",
				"${BUILT_PRODUCTS_DIR}/SwiftyBeaver/SwiftyBeaver.framework",
				"${BUILT_PRODUCTS_DIR}/Zip/Zip.framework",
			);
			name = "[CP] Embed Pods Frameworks";
			outputPaths = (
				"${TARGET_BUILD_DIR}/${FRAMEWORKS_FOLDER_PATH}/Alamofire.framework",
				"${TARGET_BUILD_DIR}/${FRAMEWORKS_FOLDER_PATH}/MBProgressHUD.framework",
				"${TARGET_BUILD_DIR}/${FRAMEWORKS_FOLDER_PATH}/Moya.framework",
				"${TARGET_BUILD_DIR}/${FRAMEWORKS_FOLDER_PATH}/Result.framework",
				"${TARGET_BUILD_DIR}/${FRAMEWORKS_FOLDER_PATH}/RxCocoa.framework",
				"${TARGET_BUILD_DIR}/${FRAMEWORKS_FOLDER_PATH}/RxSwift.framework",
				"${TARGET_BUILD_DIR}/${FRAMEWORKS_FOLDER_PATH}/SnapKit.framework",
				"${TARGET_BUILD_DIR}/${FRAMEWORKS_FOLDER_PATH}/SwiftyBeaver.framework",
				"${TARGET_BUILD_DIR}/${FRAMEWORKS_FOLDER_PATH}/Zip.framework",
			);
			runOnlyForDeploymentPostprocessing = 0;
			shellPath = /bin/sh;
			shellScript = "\"${SRCROOT}/Pods/Target Support Files/Pods-template/Pods-template-frameworks.sh\"\n";
			showEnvVarsInLog = 0;
		};
		4DB3506FE4B2C5673C8CFCD0 /* [CP] Check Pods Manifest.lock */ = {
			isa = PBXShellScriptBuildPhase;
			buildActionMask = 2147483647;
			files = (
			);
			inputPaths = (
				"${PODS_PODFILE_DIR_PATH}/Podfile.lock",
				"${PODS_ROOT}/Manifest.lock",
			);
			name = "[CP] Check Pods Manifest.lock";
			outputPaths = (
				"$(DERIVED_FILE_DIR)/Pods-template-checkManifestLockResult.txt",
			);
			runOnlyForDeploymentPostprocessing = 0;
			shellPath = /bin/sh;
			shellScript = "diff \"${PODS_PODFILE_DIR_PATH}/Podfile.lock\" \"${PODS_ROOT}/Manifest.lock\" > /dev/null\nif [ $? != 0 ] ; then\n    # print error to STDERR\n    echo \"error: The sandbox is not in sync with the Podfile.lock. Run 'pod install' or update your CocoaPods installation.\" >&2\n    exit 1\nfi\n# This output is used by Xcode 'outputs' to avoid re-running this script phase.\necho \"SUCCESS\" > \"${SCRIPT_OUTPUT_FILE_0}\"\n";
			showEnvVarsInLog = 0;
		};
		52CAED0E63853AA65807916F /* [CP] Copy Pods Resources */ = {
			isa = PBXShellScriptBuildPhase;
			buildActionMask = 2147483647;
			files = (
			);
			inputPaths = (
			);
			name = "[CP] Copy Pods Resources";
			outputPaths = (
			);
			runOnlyForDeploymentPostprocessing = 0;
			shellPath = /bin/sh;
			shellScript = "\"${SRCROOT}/Pods/Target Support Files/Pods-template/Pods-template-resources.sh\"\n";
			showEnvVarsInLog = 0;
		};
/* End PBXShellScriptBuildPhase section */

/* Begin PBXSourcesBuildPhase section */
		8753A5E81F22633C00BA4AD4 /* Sources */ = {
			isa = PBXSourcesBuildPhase;
			buildActionMask = 2147483647;
			files = (
				8763BF061F8DCA7800CA4E89 /* AppDelegate.swift in Sources */,
				3D52ABBF4471F259761AFD38 /* HybirdWKWebViewController.swift in Sources */,
				3D52AE3C9BA928668CC66FF6 /* UIButtonWithImage.swift in Sources */,
				3D52ADFFCF7505549C75F5B4 /* HybirdUIWebViewController.swift in Sources */,
				3D52A7F9EB694A0B2708C925 /* CXFileUtil.swift in Sources */,
				3D52A31B4E1C58EEF3B486CC /* CXLogUtil.swift in Sources */,
				3D52AE214F41127F7CCFD0BE /* CXReflectUtil.swift in Sources */,
				3D52A9625751BD098194F692 /* CXSystemUtil.swift in Sources */,
				3D52AE8EF71B0EA88DA71E85 /* CXZipUtil.swift in Sources */,
				3D52ABAB249A23BC215DBE82 /* CXHybirdBridge.swift in Sources */,
				3D52A1895E4530159AADE950 /* CXHybirdManagerOC.m in Sources */,
				3D52A0B6EEEEC14848A39BBF /* CXHybirdMethods.swift in Sources */,
				3D52A0E04E0F3E02B2DFDEA9 /* CXUIWebView.swift in Sources */,
				3D52A838880EF31F77ED3587 /* CXWKWebView.swift in Sources */,
				3D52A040BA78D2773FF7C4AA /* CXHybird.swift in Sources */,
				3D52AAB5DEDC91FAA1A02BD1 /* CXHybirdModuleManager.swift in Sources */,
				3D52AFCE72CDBA4EFD1E97B9 /* CXHybirdDownloadManager.swift in Sources */,
				3D52A16A4764F7E86FFCE033 /* CXHybirdLifecycleManager.swift in Sources */,
				3D52A0A0756E7183F1F5563C /* CXHybirdBundleInfoManager.swift in Sources */,
				3D52A2F2731B26B82EC50E98 /* CXHybirdModuleBundleModel.swift in Sources */,
				3D52A52170ED5582E5BAE81C /* CXHybirdModuleConfigModel.swift in Sources */,
				3D52A715FBC8704FDD479C61 /* CXHybirdInitStrategy.swift in Sources */,
				3D52A4EC3CE14FD2420261F7 /* CXHybirdUpdateStrategy.swift in Sources */,
				3D52A6B762F56D17B1D889DB /* CXHybirdUtil.swift in Sources */,
				3D52A1FF8EFC113C549B8AD4 /* CXJsonUtil.swift in Sources */,
				3D52A51FC22490328EAA099A /* CXPreferencesUtil.swift in Sources */,
				3D52A272E7F9840747019E1D /* README.md in Sources */,
				3D52A87EE35CD13F9FD858BB /* WebViewClient.swift in Sources */,
				3D52A93A2B8501FD6E8D6EA8 /* CXCacheManager.swift in Sources */,
				3D52AEF7B72CB374B355D976 /* File.swift in Sources */,
				3D52AFF9D25D4B28E7FDB697 /* TextUtils.swift in Sources */,
				3D52AC77EC657656CD8D224A /* System.swift in Sources */,
				3D52A7E84DCB6C7125E8AA9E /* CXTimeUtil.swift in Sources */,
				3D52AEB64CD9052FB7F76DE4 /* CXUIColorExtension.swift in Sources */,
				3D52A8D8AC2FCF6436C7565A /* CXStringExtension.swift in Sources */,
				3D52AC41AB71A57E924DDEFC /* CXDataExtension.swift in Sources */,
				3D52A5096C684565B37D4F35 /* CXURLExtension.swift in Sources */,
				3D52A748BEA71808823C5468 /* CXNSObjectExtension.swift in Sources */,
				3D52A4FCE5A18B26EA1CA74F /* CXCoreExtension.swift in Sources */,
				3D52A44727269CAB7A1A66A0 /* CXThreadExtension.swift in Sources */,
				3D52A7DB7DA90C3D0342D9CB /* IllegalArgumentException.swift in Sources */,
				3D52A022A91CA01AFE3E2C41 /* CXThreadExtension copy.swift in Sources */,
				3D52ABAE483DA614BA26FED3 /* CXWKWebViewURLProtocol.swift in Sources */,
				3D52A210D3D39EFB6F043D34 /* CXUIWebViewURLProtocol.swift in Sources */,
				3D52A03399C692B99811B91F /* CXRepository.swift in Sources */,
				3D52A91B9ED6E358D271757E /* CXURLManager.swift in Sources */,
				3D52A4A40DC94FDE79F662BC /* CXApiManager.swift in Sources */,
				3D52AE5F0CDBDE88A4B6468A /* BaseResponseModel.swift in Sources */,
				3D52AC78324928522DC3E84A /* BaseRequestModel.swift in Sources */,
				3D52A7440203FD3265E7B6EE /* SearchData.swift in Sources */,
				3D52A886D7A487B64F8AD90D /* CategoryData.swift in Sources */,
				3D52ADE49FA685AE89FBE3F3 /* RecommendData.swift in Sources */,
				3D52AE3CAD4601C075210D19 /* AddGoodCarData.swift in Sources */,
				3D52AFC7C210B4E1F771D37E /* GetOrderYunFeeData.swift in Sources */,
				3D52A96C5BF920C2046AFB0B /* FileNotFoundException.swift in Sources */,
				3D52ACB9326D0E4F4E5512B8 /* CXChecksumUtil.swift in Sources */,
				3D52ABE50F5B09751BEE5236 /* CXLogUtil2.swift in Sources */,
				3D52A69875FB1EF98B6AAF1A /* CXToastUtil.swift in Sources */,
				3D52A2B150C01FDE45A9A146 /* CXDialogUtil.swift in Sources */,
				3D52AC0903FDD1F88D499439 /* CXConfig.swift in Sources */,
			);
			runOnlyForDeploymentPostprocessing = 0;
		};
/* End PBXSourcesBuildPhase section */

/* Begin PBXVariantGroup section */
		8763BEE91F8DCA5400CA4E89 /* LaunchScreen.storyboard */ = {
			isa = PBXVariantGroup;
			children = (
				8763BEEA1F8DCA5400CA4E89 /* Base */,
			);
			name = LaunchScreen.storyboard;
			sourceTree = "<group>";
		};
		8763BEEB1F8DCA5400CA4E89 /* Main.storyboard */ = {
			isa = PBXVariantGroup;
			children = (
				8763BEEC1F8DCA5400CA4E89 /* Base */,
			);
			name = Main.storyboard;
			sourceTree = "<group>";
		};
/* End PBXVariantGroup section */

/* Begin XCBuildConfiguration section */
		8753A5FC1F22633C00BA4AD4 /* Debug */ = {
			isa = XCBuildConfiguration;
			buildSettings = {
				ALWAYS_SEARCH_USER_PATHS = NO;
				CLANG_ANALYZER_NONNULL = YES;
				CLANG_ANALYZER_NUMBER_OBJECT_CONVERSION = YES_AGGRESSIVE;
				CLANG_CXX_LANGUAGE_STANDARD = "gnu++0x";
				CLANG_CXX_LIBRARY = "libc++";
				CLANG_ENABLE_MODULES = YES;
				CLANG_ENABLE_OBJC_ARC = YES;
				CLANG_WARN_BLOCK_CAPTURE_AUTORELEASING = YES;
				CLANG_WARN_BOOL_CONVERSION = YES;
				CLANG_WARN_COMMA = YES;
				CLANG_WARN_CONSTANT_CONVERSION = YES;
				CLANG_WARN_DIRECT_OBJC_ISA_USAGE = YES_ERROR;
				CLANG_WARN_DOCUMENTATION_COMMENTS = YES;
				CLANG_WARN_EMPTY_BODY = YES;
				CLANG_WARN_ENUM_CONVERSION = YES;
				CLANG_WARN_INFINITE_RECURSION = YES;
				CLANG_WARN_INT_CONVERSION = YES;
				CLANG_WARN_NON_LITERAL_NULL_CONVERSION = YES;
				CLANG_WARN_OBJC_LITERAL_CONVERSION = YES;
				CLANG_WARN_OBJC_ROOT_CLASS = YES_ERROR;
				CLANG_WARN_RANGE_LOOP_ANALYSIS = YES;
				CLANG_WARN_STRICT_PROTOTYPES = YES;
				CLANG_WARN_SUSPICIOUS_MOVE = YES;
				CLANG_WARN_UNREACHABLE_CODE = YES;
				CLANG_WARN__DUPLICATE_METHOD_MATCH = YES;
				"CODE_SIGN_IDENTITY[sdk=iphoneos*]" = "iPhone Developer";
				COPY_PHASE_STRIP = NO;
				DEBUG_INFORMATION_FORMAT = dwarf;
				ENABLE_STRICT_OBJC_MSGSEND = YES;
				ENABLE_TESTABILITY = YES;
				GCC_C_LANGUAGE_STANDARD = gnu99;
				GCC_DYNAMIC_NO_PIC = NO;
				GCC_NO_COMMON_BLOCKS = YES;
				GCC_OPTIMIZATION_LEVEL = 0;
				GCC_PREPROCESSOR_DEFINITIONS = (
					"DEBUG=1",
					"$(inherited)",
				);
				GCC_WARN_64_TO_32_BIT_CONVERSION = YES;
				GCC_WARN_ABOUT_RETURN_TYPE = YES_ERROR;
				GCC_WARN_UNDECLARED_SELECTOR = YES;
				GCC_WARN_UNINITIALIZED_AUTOS = YES_AGGRESSIVE;
				GCC_WARN_UNUSED_FUNCTION = YES;
				GCC_WARN_UNUSED_VARIABLE = YES;
				IPHONEOS_DEPLOYMENT_TARGET = 8.0;
				MTL_ENABLE_DEBUG_INFO = YES;
				ONLY_ACTIVE_ARCH = YES;
				OTHER_CODE_SIGN_FLAGS = "";
				PRELINK_LIBS = "";
				SDKROOT = iphoneos;
				SWIFT_ACTIVE_COMPILATION_CONDITIONS = DEBUG;
				SWIFT_OPTIMIZATION_LEVEL = "-Onone";
				SWIFT_VERSION = 4.0;
				TARGETED_DEVICE_FAMILY = "1,2";
			};
			name = Debug;
		};
		8753A5FD1F22633C00BA4AD4 /* Release */ = {
			isa = XCBuildConfiguration;
			buildSettings = {
				ALWAYS_SEARCH_USER_PATHS = NO;
				CLANG_ANALYZER_NONNULL = YES;
				CLANG_ANALYZER_NUMBER_OBJECT_CONVERSION = YES_AGGRESSIVE;
				CLANG_CXX_LANGUAGE_STANDARD = "gnu++0x";
				CLANG_CXX_LIBRARY = "libc++";
				CLANG_ENABLE_MODULES = YES;
				CLANG_ENABLE_OBJC_ARC = YES;
				CLANG_WARN_BLOCK_CAPTURE_AUTORELEASING = YES;
				CLANG_WARN_BOOL_CONVERSION = YES;
				CLANG_WARN_COMMA = YES;
				CLANG_WARN_CONSTANT_CONVERSION = YES;
				CLANG_WARN_DIRECT_OBJC_ISA_USAGE = YES_ERROR;
				CLANG_WARN_DOCUMENTATION_COMMENTS = YES;
				CLANG_WARN_EMPTY_BODY = YES;
				CLANG_WARN_ENUM_CONVERSION = YES;
				CLANG_WARN_INFINITE_RECURSION = YES;
				CLANG_WARN_INT_CONVERSION = YES;
				CLANG_WARN_NON_LITERAL_NULL_CONVERSION = YES;
				CLANG_WARN_OBJC_LITERAL_CONVERSION = YES;
				CLANG_WARN_OBJC_ROOT_CLASS = YES_ERROR;
				CLANG_WARN_RANGE_LOOP_ANALYSIS = YES;
				CLANG_WARN_STRICT_PROTOTYPES = YES;
				CLANG_WARN_SUSPICIOUS_MOVE = YES;
				CLANG_WARN_UNREACHABLE_CODE = YES;
				CLANG_WARN__DUPLICATE_METHOD_MATCH = YES;
				"CODE_SIGN_IDENTITY[sdk=iphoneos*]" = "iPhone Developer";
				COPY_PHASE_STRIP = NO;
				DEBUG_INFORMATION_FORMAT = "dwarf-with-dsym";
				ENABLE_NS_ASSERTIONS = NO;
				ENABLE_STRICT_OBJC_MSGSEND = YES;
				GCC_C_LANGUAGE_STANDARD = gnu99;
				GCC_NO_COMMON_BLOCKS = YES;
				GCC_WARN_64_TO_32_BIT_CONVERSION = YES;
				GCC_WARN_ABOUT_RETURN_TYPE = YES_ERROR;
				GCC_WARN_UNDECLARED_SELECTOR = YES;
				GCC_WARN_UNINITIALIZED_AUTOS = YES_AGGRESSIVE;
				GCC_WARN_UNUSED_FUNCTION = YES;
				GCC_WARN_UNUSED_VARIABLE = YES;
				IPHONEOS_DEPLOYMENT_TARGET = 8.0;
				MTL_ENABLE_DEBUG_INFO = NO;
				OTHER_CODE_SIGN_FLAGS = "";
				PRELINK_LIBS = "";
				SDKROOT = iphoneos;
				SWIFT_OPTIMIZATION_LEVEL = "-Owholemodule";
				SWIFT_VERSION = 4.0;
				TARGETED_DEVICE_FAMILY = "1,2";
				VALIDATE_PRODUCT = YES;
			};
			name = Release;
		};
		8753A5FF1F22633C00BA4AD4 /* Debug */ = {
			isa = XCBuildConfiguration;
			baseConfigurationReference = D758266E12247889767BE3A9 /* Pods-template.debug.xcconfig */;
			buildSettings = {
				ASSETCATALOG_COMPILER_APPICON_NAME = AppIcon;
				CLANG_ENABLE_MODULES = YES;
				DEVELOPMENT_TEAM = ZGJH8VAAW9;
				INFOPLIST_FILE = "$(SRCROOT)/arsenal/apps/app-template/Info.plist";
				IPHONEOS_DEPLOYMENT_TARGET = 9.0;
				LD_RUNPATH_SEARCH_PATHS = "$(inherited) @executable_path/Frameworks";
				OTHER_SWIFT_FLAGS = "$(inherited) \"-D\" \"COCOAPODS\" -DDEBUG";
				PRODUCT_BUNDLE_IDENTIFIER = com.smart.template;
				PRODUCT_NAME = "$(TARGET_NAME)";
				SWIFT_OBJC_BRIDGING_HEADER = "arsenal/libraries/library-base/src/util/hybird/template-Bridging-Header.h";
				SWIFT_OPTIMIZATION_LEVEL = "-Onone";
				SWIFT_SWIFT3_OBJC_INFERENCE = Default;
				SWIFT_VERSION = 4.0;
				TARGETED_DEVICE_FAMILY = "1,2";
				WARNING_CFLAGS = "";
			};
			name = Debug;
		};
		8753A6001F22633C00BA4AD4 /* Release */ = {
			isa = XCBuildConfiguration;
			baseConfigurationReference = 06D69C8B9ACC2B092CE66DFE /* Pods-template.release.xcconfig */;
			buildSettings = {
				ASSETCATALOG_COMPILER_APPICON_NAME = AppIcon;
				CLANG_ENABLE_MODULES = YES;
				DEVELOPMENT_TEAM = ZGJH8VAAW9;
				INFOPLIST_FILE = "$(SRCROOT)/arsenal/apps/app-template/Info.plist";
				IPHONEOS_DEPLOYMENT_TARGET = 9.0;
				LD_RUNPATH_SEARCH_PATHS = "$(inherited) @executable_path/Frameworks";
				OTHER_SWIFT_FLAGS = "$(inherited) \"-D\" \"COCOAPODS\" -DDEBUG";
				PRODUCT_BUNDLE_IDENTIFIER = com.smart.template;
				PRODUCT_NAME = "$(TARGET_NAME)";
				SWIFT_OBJC_BRIDGING_HEADER = "arsenal/libraries/library-base/src/util/hybird/template-Bridging-Header.h";
				SWIFT_SWIFT3_OBJC_INFERENCE = Default;
				SWIFT_VERSION = 4.0;
				TARGETED_DEVICE_FAMILY = "1,2";
				WARNING_CFLAGS = "";
			};
			name = Release;
		};
/* End XCBuildConfiguration section */

/* Begin XCConfigurationList section */
		8753A5E71F22633C00BA4AD4 /* Build configuration list for PBXProject "template" */ = {
			isa = XCConfigurationList;
			buildConfigurations = (
				8753A5FC1F22633C00BA4AD4 /* Debug */,
				8753A5FD1F22633C00BA4AD4 /* Release */,
			);
			defaultConfigurationIsVisible = 0;
			defaultConfigurationName = Release;
		};
		8753A5FE1F22633C00BA4AD4 /* Build configuration list for PBXNativeTarget "template" */ = {
			isa = XCConfigurationList;
			buildConfigurations = (
				8753A5FF1F22633C00BA4AD4 /* Debug */,
				8753A6001F22633C00BA4AD4 /* Release */,
			);
			defaultConfigurationIsVisible = 0;
			defaultConfigurationName = Release;
		};
/* End XCConfigurationList section */
	};
	rootObject = 8753A5E41F22633C00BA4AD4 /* Project object */;
}
