PODS:
  - AFNetworking (3.2.1):
    - AFNetworking/NSURLSession (= 3.2.1)
    - AFNetworking/Reachability (= 3.2.1)
    - AFNetworking/Security (= 3.2.1)
    - AFNetworking/Serialization (= 3.2.1)
    - AFNetworking/UIKit (= 3.2.1)
  - AFNetworking/NSURLSession (3.2.1):
    - AFNetworking/Reachability
    - AFNetworking/Security
    - AFNetworking/Serialization
  - AFNetworking/Reachability (3.2.1)
  - AFNetworking/Security (3.2.1)
  - AFNetworking/Serialization (3.2.1)
  - AFNetworking/UIKit (3.2.1):
    - AFNetworking/NSURLSession
  - LibraryBase (0.1.0):
    - AFNetworking (~> 3.2.1)
    - SSZipArchive (= 2.1.4)
  - LibraryRepository (0.1.0)
  - SSZipArchive (2.1.4)

DEPENDENCIES:
  - LibraryBase (from `../../Libraries/LibraryBase`)
  - LibraryRepository (from `../../Libraries/LibraryRepository`)

SPEC REPOS:
  https://github.com/cocoapods/specs.git:
    - AFNetworking
    - SSZipArchive

EXTERNAL SOURCES:
  LibraryBase:
    :path: "../../Libraries/LibraryBase"
  LibraryRepository:
    :path: "../../Libraries/LibraryRepository"

SPEC CHECKSUMS:
  AFNetworking: b6f891fdfaed196b46c7a83cf209e09697b94057
  LibraryBase: 616944f207e99bece9706d45abe697497ff41cc9
  LibraryRepository: 253bcf00f9c3ee57585354df08283a0a17db1ee1
  SSZipArchive: 41455d4b8d2b6ab93990820b50dc697c2554a322

PODFILE CHECKSUM: e1e9460d30baebce4bf81c84db7e079e5a42eeec

COCOAPODS: 1.7.2
