PODS:
  - MBProgressHUD (1.0.0)
  - RxCocoa (4.0.0-rc.0):
    - RxSwift (~> 4.0.0-rc.0)
  - RxSwift (4.0.0-rc.0)
  - SnapKit (4.0.0)
  - SSZipArchive (2.1.0)

DEPENDENCIES:
  - MBProgressHUD (~> 1.0.0)
  - RxCocoa (~> 4.0.0-rc.0)
  - SnapKit (~> 4.0.0)
  - SSZipArchive (~> 2.1.0)

SPEC CHECKSUMS:
  MBProgressHUD: 4890f671c94e8a0f3cf959aa731e9de2f036d71a
  RxCocoa: 62457355be73369670fbdf053a79a491552b64ed
  RxSwift: 1dd09ceb11531c39adff4efe23556b1484e16967
  SnapKit: a42d492c16e80209130a3379f73596c3454b7694
  SSZipArchive: 1e8e53dcb11bca3ded4738958dc49fc467320a14

PODFILE CHECKSUM: 09ded1ce5167de6c699ebd4554903a95131bde10

COCOAPODS: 1.4.0.beta.1
