PODS:
  - Flutter (1.0.0)
  - flutter_plugin_bridge (0.0.1):
    - Flutter

DEPENDENCIES:
  - Flutter (from `Flutter`)
  - flutter_plugin_bridge (from `.symlinks/plugins/flutter_plugin_bridge/ios`)

EXTERNAL SOURCES:
  Flutter:
    :path: Flutter
  flutter_plugin_bridge:
    :path: ".symlinks/plugins/flutter_plugin_bridge/ios"

SPEC CHECKSUMS:
  Flutter: 0e3d915762c693b495b44d77113d4970485de6ec
  flutter_plugin_bridge: 60bab8dc0c136dcd612f354ecf3c646f1034de5a

PODFILE CHECKSUM: 8e679eca47255a8ca8067c4c67aab20e64cb974d

COCOAPODS: 1.10.0
