PODS:
  - AFNetworking (4.0.1):
    - AFNetworking/NSURLSession (= 4.0.1)
    - AFNetworking/Reachability (= 4.0.1)
    - AFNetworking/Security (= 4.0.1)
    - AFNetworking/Serialization (= 4.0.1)
    - AFNetworking/UIKit (= 4.0.1)
  - AFNetworking/NSURLSession (4.0.1):
    - AFNetworking/Reachability
    - AFNetworking/Security
    - AFNetworking/Serialization
  - AFNetworking/Reachability (4.0.1)
  - AFNetworking/Security (4.0.1)
  - AFNetworking/Serialization (4.0.1)
  - AFNetworking/UIKit (4.0.1):
    - AFNetworking/NSURLSession
  - CodesDancing (0.0.2):
    - CodesDancing/LibraryBase (= 0.0.2)
  - CodesDancing/LibraryBase (0.0.2):
    - AFNetworking (~> 4.0)
    - MBProgressHUD (~> 1.2.0)
    - SDWebImage (~> 5.0)
    - SSZipArchive
    - YYModel
  - Flutter (1.0.0)
  - flutter_codesdancing (0.0.1):
    - CodesDancing (~> 0.0.1)
    - Flutter
  - MBProgressHUD (1.2.0)
  - SDWebImage (5.9.4):
    - SDWebImage/Core (= 5.9.4)
  - SDWebImage/Core (5.9.4)
  - SSZipArchive (2.2.3)
  - YYModel (1.0.4)

DEPENDENCIES:
  - Flutter (from `Flutter`)
  - flutter_codesdancing (from `.symlinks/plugins/flutter_codesdancing/ios`)

SPEC REPOS:
  https://github.com/krmao/libsforios.git:
    - CodesDancing
  trunk:
    - AFNetworking
    - MBProgressHUD
    - SDWebImage
    - SSZipArchive
    - YYModel

EXTERNAL SOURCES:
  Flutter:
    :path: Flutter
  flutter_codesdancing:
    :path: ".symlinks/plugins/flutter_codesdancing/ios"

SPEC CHECKSUMS:
  AFNetworking: 7864c38297c79aaca1500c33288e429c3451fdce
  CodesDancing: 319bc583dada1f5af8e275c9c0e1af8aaa3602c6
  Flutter: 0e3d915762c693b495b44d77113d4970485de6ec
  flutter_codesdancing: 2bbe8112a4f95e8bff7c64f1d0e6a0c214e7445f
  MBProgressHUD: 3ee5efcc380f6a79a7cc9b363dd669c5e1ae7406
  SDWebImage: b69257f4ab14e9b6a2ef53e910fdf914d8f757c1
  SSZipArchive: 62d4947b08730e4cda640473b0066d209ff033c9
  YYModel: 2a7fdd96aaa4b86a824e26d0c517de8928c04b30

PODFILE CHECKSUM: b5057232e5b29f452433cbf4df4287f3f47d978b

COCOAPODS: 1.10.0
