// !$*UTF8*$!
{
	archiveVersion = 1;
	classes = {
	};
	objectVersion = 46;
	objects = {

/* Begin PBXBuildFile section */
		04046169D5603C9C420CD1FA /* Pods_housekeeper.framework in Frameworks */ = {isa = PBXBuildFile; fileRef = FC5EE7D932C4FAD2820A909C /* Pods_housekeeper.framework */; };
		3D52A0885CC01144DF290BE8 /* Podfile in Resources */ = {isa = PBXBuildFile; fileRef = 3D52A20882EC1EF73C14E991 /* Podfile */; };
		3D52A0E5B88F5DD46D1D63CA /* UIColor+Ext.swift in Sources */ = {isa = PBXBuildFile; fileRef = 3D52ADA84106C3CFCD47CBF1 /* UIColor+Ext.swift */; };
		3D52A15B8DEA7866D3572B3D /* HKFileUtil.swift in Sources */ = {isa = PBXBuildFile; fileRef = 3D52AC8A7EDE4F9A0E6BDFA8 /* HKFileUtil.swift */; };
		3D52AA96DE6D424D6669689A /* HybirdManager.swift in Sources */ = {isa = PBXBuildFile; fileRef = 3D52A64D405ACA89B8FDB7EC /* HybirdManager.swift */; };
		3D52ABBF4471F259761AFD38 /* HybirdWebViewController2.swift in Sources */ = {isa = PBXBuildFile; fileRef = 3D52AB15C10C0A694D9E4FB7 /* HybirdWebViewController2.swift */; };
		3D52ADE9D59950C4AC6EAC0C /* .gitkeep in Resources */ = {isa = PBXBuildFile; fileRef = 3D52A5B5020FA2FE0CAAD872 /* .gitkeep */; };
		3D52AE3C9BA928668CC66FF6 /* UIButtonWithImage.swift in Sources */ = {isa = PBXBuildFile; fileRef = 3D52A9ECEBD94F6AEBAB38DA /* UIButtonWithImage.swift */; };
		8763BF061F8DCA7800CA4E89 /* AppDelegate.swift in Sources */ = {isa = PBXBuildFile; fileRef = 8763BEE71F8DCA5400CA4E89 /* AppDelegate.swift */; };
		8763BF091F8DCA7800CA4E89 /* HybirdWebViewController.swift in Sources */ = {isa = PBXBuildFile; fileRef = 8763BEF11F8DCA5400CA4E89 /* HybirdWebViewController.swift */; };
		8763BF0F1F8DCB5000CA4E89 /* assets in Resources */ = {isa = PBXBuildFile; fileRef = 8763BF0E1F8DCB4800CA4E89 /* assets */; };
		87856D571F8E0FB800D053DA /* assets.xcassets in Resources */ = {isa = PBXBuildFile; fileRef = 87856D561F8E0F9E00D053DA /* assets.xcassets */; };
/* End PBXBuildFile section */

/* Begin PBXFileReference section */
		06D69C8B9ACC2B092CE66DFE /* Pods-housekeeper.release.xcconfig */ = {isa = PBXFileReference; includeInIndex = 1; lastKnownFileType = text.xcconfig; name = "Pods-housekeeper.release.xcconfig"; path = "Pods/Target Support Files/Pods-housekeeper/Pods-housekeeper.release.xcconfig"; sourceTree = "<group>"; };
		3D52A20882EC1EF73C14E991 /* Podfile */ = {isa = PBXFileReference; fileEncoding = 4; lastKnownFileType = text; path = Podfile; sourceTree = "<group>"; xcLanguageSpecificationIdentifier = xcode.lang.ruby; };
		3D52A5B5020FA2FE0CAAD872 /* .gitkeep */ = {isa = PBXFileReference; lastKnownFileType = file.gitkeep; path = .gitkeep; sourceTree = "<group>"; };
		3D52A64D405ACA89B8FDB7EC /* HybirdManager.swift */ = {isa = PBXFileReference; fileEncoding = 4; lastKnownFileType = sourcecode.swift; path = HybirdManager.swift; sourceTree = "<group>"; };
		3D52A9ECEBD94F6AEBAB38DA /* UIButtonWithImage.swift */ = {isa = PBXFileReference; fileEncoding = 4; lastKnownFileType = sourcecode.swift; path = UIButtonWithImage.swift; sourceTree = "<group>"; };
		3D52AB15C10C0A694D9E4FB7 /* HybirdWebViewController2.swift */ = {isa = PBXFileReference; fileEncoding = 4; lastKnownFileType = sourcecode.swift; path = HybirdWebViewController2.swift; sourceTree = "<group>"; };
		3D52AC8A7EDE4F9A0E6BDFA8 /* HKFileUtil.swift */ = {isa = PBXFileReference; fileEncoding = 4; lastKnownFileType = sourcecode.swift; path = HKFileUtil.swift; sourceTree = "<group>"; };
		3D52ADA84106C3CFCD47CBF1 /* UIColor+Ext.swift */ = {isa = PBXFileReference; fileEncoding = 4; lastKnownFileType = sourcecode.swift; path = "UIColor+Ext.swift"; sourceTree = "<group>"; };
		8753A5EC1F22633C00BA4AD4 /* housekeeper.app */ = {isa = PBXFileReference; explicitFileType = wrapper.application; includeInIndex = 0; path = housekeeper.app; sourceTree = BUILT_PRODUCTS_DIR; };
		8763BEE71F8DCA5400CA4E89 /* AppDelegate.swift */ = {isa = PBXFileReference; lastKnownFileType = sourcecode.swift; path = AppDelegate.swift; sourceTree = "<group>"; };
		8763BEEA1F8DCA5400CA4E89 /* Base */ = {isa = PBXFileReference; lastKnownFileType = file.storyboard; name = Base; path = Base.lproj/LaunchScreen.storyboard; sourceTree = "<group>"; };
		8763BEEC1F8DCA5400CA4E89 /* Base */ = {isa = PBXFileReference; lastKnownFileType = file.storyboard; name = Base; path = Base.lproj/Main.storyboard; sourceTree = "<group>"; };
		8763BEEE1F8DCA5400CA4E89 /* Info.plist */ = {isa = PBXFileReference; lastKnownFileType = text.plist.xml; path = Info.plist; sourceTree = "<group>"; };
		8763BEF11F8DCA5400CA4E89 /* HybirdWebViewController.swift */ = {isa = PBXFileReference; lastKnownFileType = sourcecode.swift; path = HybirdWebViewController.swift; sourceTree = "<group>"; };
		8763BEF71F8DCA5400CA4E89 /* .gitkeep */ = {isa = PBXFileReference; lastKnownFileType = text; path = .gitkeep; sourceTree = "<group>"; };
		8763BF011F8DCA5400CA4E89 /* .gitkeep */ = {isa = PBXFileReference; lastKnownFileType = text; path = .gitkeep; sourceTree = "<group>"; };
		8763BF031F8DCA5400CA4E89 /* .gitkeep */ = {isa = PBXFileReference; lastKnownFileType = text; path = .gitkeep; sourceTree = "<group>"; };
		8763BF051F8DCA5400CA4E89 /* .gitkeep */ = {isa = PBXFileReference; lastKnownFileType = text; path = .gitkeep; sourceTree = "<group>"; };
		8763BF0D1F8DCAB500CA4E89 /* .gitkeep */ = {isa = PBXFileReference; lastKnownFileType = text; path = .gitkeep; sourceTree = "<group>"; };
		8763BF0E1F8DCB4800CA4E89 /* assets */ = {isa = PBXFileReference; lastKnownFileType = folder; path = assets; sourceTree = "<group>"; };
		87856D561F8E0F9E00D053DA /* assets.xcassets */ = {isa = PBXFileReference; lastKnownFileType = folder.assetcatalog; path = assets.xcassets; sourceTree = "<group>"; };
		D758266E12247889767BE3A9 /* Pods-housekeeper.debug.xcconfig */ = {isa = PBXFileReference; includeInIndex = 1; lastKnownFileType = text.xcconfig; name = "Pods-housekeeper.debug.xcconfig"; path = "Pods/Target Support Files/Pods-housekeeper/Pods-housekeeper.debug.xcconfig"; sourceTree = "<group>"; };
		FC5EE7D932C4FAD2820A909C /* Pods_housekeeper.framework */ = {isa = PBXFileReference; explicitFileType = wrapper.framework; includeInIndex = 0; path = Pods_housekeeper.framework; sourceTree = BUILT_PRODUCTS_DIR; };
/* End PBXFileReference section */

/* Begin PBXFrameworksBuildPhase section */
		8753A5E91F22633C00BA4AD4 /* Frameworks */ = {
			isa = PBXFrameworksBuildPhase;
			buildActionMask = 2147483647;
			files = (
				04046169D5603C9C420CD1FA /* Pods_housekeeper.framework in Frameworks */,
			);
			runOnlyForDeploymentPostprocessing = 0;
		};
/* End PBXFrameworksBuildPhase section */

/* Begin PBXGroup section */
		39A3A0D870A969F29446D91F /* Frameworks */ = {
			isa = PBXGroup;
			children = (
				FC5EE7D932C4FAD2820A909C /* Pods_housekeeper.framework */,
			);
			name = Frameworks;
			sourceTree = "<group>";
		};
		3D52A3BECE0622E9005ABB99 /* ext */ = {
			isa = PBXGroup;
			children = (
				3D52ADA84106C3CFCD47CBF1 /* UIColor+Ext.swift */,
			);
			path = ext;
			sourceTree = "<group>";
		};
		3D52A4A00D5B656C508FADBE /* util */ = {
			isa = PBXGroup;
			children = (
				3D52AC8A7EDE4F9A0E6BDFA8 /* HKFileUtil.swift */,
			);
			path = util;
			sourceTree = "<group>";
		};
		3D52AA2FA888BF152B987199 /* widget */ = {
			isa = PBXGroup;
			children = (
				3D52A9ECEBD94F6AEBAB38DA /* UIButtonWithImage.swift */,
				3D52A3BECE0622E9005ABB99 /* ext */,
			);
			path = widget;
			sourceTree = "<group>";
		};
		3D52AD0CFB42EC7C232D5E55 /* src */ = {
			isa = PBXGroup;
			children = (
				3D52AA2FA888BF152B987199 /* widget */,
				3D52A4A00D5B656C508FADBE /* util */,
				3D52AD7253BE03D1D0ED829E /* base */,
			);
			path = src;
			sourceTree = "<group>";
		};
		3D52AD7253BE03D1D0ED829E /* base */ = {
			isa = PBXGroup;
			children = (
				3D52A5B5020FA2FE0CAAD872 /* .gitkeep */,
			);
			path = base;
			sourceTree = "<group>";
		};
		8753A5E31F22633C00BA4AD4 = {
			isa = PBXGroup;
			children = (
				8763BEE21F8DCA5300CA4E89 /* arsenal */,
				8763BF0A1F8DCAB500CA4E89 /* readme */,
				3D52A20882EC1EF73C14E991 /* Podfile */,
				B24924701482C10D6AA9BFC9 /* Pods */,
				8753A5ED1F22633C00BA4AD4 /* Products */,
				39A3A0D870A969F29446D91F /* Frameworks */,
			);
			sourceTree = "<group>";
		};
		8753A5ED1F22633C00BA4AD4 /* Products */ = {
			isa = PBXGroup;
			children = (
				8753A5EC1F22633C00BA4AD4 /* housekeeper.app */,
			);
			name = Products;
			sourceTree = "<group>";
		};
		8763BEE21F8DCA5300CA4E89 /* arsenal */ = {
			isa = PBXGroup;
			children = (
				8763BEE31F8DCA5300CA4E89 /* apps */,
				8763BEF21F8DCA5400CA4E89 /* libraries */,
				8763BEF81F8DCA5400CA4E89 /* modules */,
			);
			path = arsenal;
			sourceTree = "<group>";
		};
		8763BEE31F8DCA5300CA4E89 /* apps */ = {
			isa = PBXGroup;
			children = (
				8763BEE51F8DCA5300CA4E89 /* app-housekeeper */,
			);
			path = apps;
			sourceTree = "<group>";
		};
		8763BEE51F8DCA5300CA4E89 /* app-housekeeper */ = {
			isa = PBXGroup;
			children = (
				8763BEE71F8DCA5400CA4E89 /* AppDelegate.swift */,
				8763BEE91F8DCA5400CA4E89 /* LaunchScreen.storyboard */,
				8763BEEB1F8DCA5400CA4E89 /* Main.storyboard */,
				8763BEEE1F8DCA5400CA4E89 /* Info.plist */,
			);
			path = "app-housekeeper";
			sourceTree = "<group>";
		};
		8763BEF21F8DCA5400CA4E89 /* libraries */ = {
			isa = PBXGroup;
			children = (
				8763BEF41F8DCA5400CA4E89 /* library-base */,
				8763BEF61F8DCA5400CA4E89 /* library-housekeeper-base */,
			);
			path = libraries;
			sourceTree = "<group>";
		};
		8763BEF41F8DCA5400CA4E89 /* library-base */ = {
			isa = PBXGroup;
			children = (
				3D52AD0CFB42EC7C232D5E55 /* src */,
			);
			path = "library-base";
			sourceTree = "<group>";
		};
		8763BEF61F8DCA5400CA4E89 /* library-housekeeper-base */ = {
			isa = PBXGroup;
			children = (
				8763BEF71F8DCA5400CA4E89 /* .gitkeep */,
			);
			path = "library-housekeeper-base";
			sourceTree = "<group>";
		};
		8763BEF81F8DCA5400CA4E89 /* modules */ = {
			isa = PBXGroup;
			children = (
				8763BEFA1F8DCA5400CA4E89 /* module-housekeeper-home */,
				8763BEFC1F8DCA5400CA4E89 /* module-housekeeper-hybird */,
				8763BF001F8DCA5400CA4E89 /* module-housekeeper-mine */,
				8763BF021F8DCA5400CA4E89 /* module-housekeeper-setting */,
				8763BF041F8DCA5400CA4E89 /* module-test */,
			);
			path = modules;
			sourceTree = "<group>";
		};
		8763BEFA1F8DCA5400CA4E89 /* module-housekeeper-home */ = {
			isa = PBXGroup;
			children = (
				87856D561F8E0F9E00D053DA /* assets.xcassets */,
			);
			path = "module-housekeeper-home";
			sourceTree = "<group>";
		};
		8763BEFC1F8DCA5400CA4E89 /* module-housekeeper-hybird */ = {
			isa = PBXGroup;
			children = (
				87856D481F8E02B300D053DA /* src */,
				8763BF0E1F8DCB4800CA4E89 /* assets */,
			);
			path = "module-housekeeper-hybird";
			sourceTree = "<group>";
		};
		8763BF001F8DCA5400CA4E89 /* module-housekeeper-mine */ = {
			isa = PBXGroup;
			children = (
				8763BF011F8DCA5400CA4E89 /* .gitkeep */,
			);
			path = "module-housekeeper-mine";
			sourceTree = "<group>";
		};
		8763BF021F8DCA5400CA4E89 /* module-housekeeper-setting */ = {
			isa = PBXGroup;
			children = (
				8763BF031F8DCA5400CA4E89 /* .gitkeep */,
			);
			path = "module-housekeeper-setting";
			sourceTree = "<group>";
		};
		8763BF041F8DCA5400CA4E89 /* module-test */ = {
			isa = PBXGroup;
			children = (
				8763BF051F8DCA5400CA4E89 /* .gitkeep */,
			);
			path = "module-test";
			sourceTree = "<group>";
		};
		8763BF0A1F8DCAB500CA4E89 /* readme */ = {
			isa = PBXGroup;
			children = (
				8763BF0C1F8DCAB500CA4E89 /* scripts */,
			);
			path = readme;
			sourceTree = "<group>";
		};
		8763BF0C1F8DCAB500CA4E89 /* scripts */ = {
			isa = PBXGroup;
			children = (
				8763BF0D1F8DCAB500CA4E89 /* .gitkeep */,
			);
			path = scripts;
			sourceTree = "<group>";
		};
		87856D481F8E02B300D053DA /* src */ = {
			isa = PBXGroup;
			children = (
				8763BEF11F8DCA5400CA4E89 /* HybirdWebViewController.swift */,
				3D52AB15C10C0A694D9E4FB7 /* HybirdWebViewController2.swift */,
				3D52A64D405ACA89B8FDB7EC /* HybirdManager.swift */,
			);
			path = src;
			sourceTree = "<group>";
		};
		B24924701482C10D6AA9BFC9 /* Pods */ = {
			isa = PBXGroup;
			children = (
				D758266E12247889767BE3A9 /* Pods-housekeeper.debug.xcconfig */,
				06D69C8B9ACC2B092CE66DFE /* Pods-housekeeper.release.xcconfig */,
			);
			name = Pods;
			sourceTree = "<group>";
		};
/* End PBXGroup section */

/* Begin PBXNativeTarget section */
		8753A5EB1F22633C00BA4AD4 /* housekeeper */ = {
			isa = PBXNativeTarget;
			buildConfigurationList = 8753A5FE1F22633C00BA4AD4 /* Build configuration list for PBXNativeTarget "housekeeper" */;
			buildPhases = (
				4DB3506FE4B2C5673C8CFCD0 /* [CP] Check Pods Manifest.lock */,
				8753A5E81F22633C00BA4AD4 /* Sources */,
				8753A5E91F22633C00BA4AD4 /* Frameworks */,
				8753A5EA1F22633C00BA4AD4 /* Resources */,
				471705CCB59EB0F4AA392CF3 /* [CP] Embed Pods Frameworks */,
				52CAED0E63853AA65807916F /* [CP] Copy Pods Resources */,
			);
			buildRules = (
			);
			dependencies = (
			);
			name = housekeeper;
			productName = "fruit-shop-ios";
			productReference = 8753A5EC1F22633C00BA4AD4 /* housekeeper.app */;
			productType = "com.apple.product-type.application";
		};
/* End PBXNativeTarget section */

/* Begin PBXProject section */
		8753A5E41F22633C00BA4AD4 /* Project object */ = {
			isa = PBXProject;
			attributes = {
				LastSwiftUpdateCheck = 0830;
				LastUpgradeCheck = 0900;
				ORGANIZATIONNAME = com.xixi;
				TargetAttributes = {
					8753A5EB1F22633C00BA4AD4 = {
						CreatedOnToolsVersion = 8.3.3;
						DevelopmentTeam = T295MMEZ9W;
						LastSwiftMigration = 0900;
						ProvisioningStyle = Automatic;
					};
				};
			};
			buildConfigurationList = 8753A5E71F22633C00BA4AD4 /* Build configuration list for PBXProject "housekeeper" */;
			compatibilityVersion = "Xcode 3.2";
			developmentRegion = English;
			hasScannedForEncodings = 0;
			knownRegions = (
				en,
				Base,
			);
			mainGroup = 8753A5E31F22633C00BA4AD4;
			productRefGroup = 8753A5ED1F22633C00BA4AD4 /* Products */;
			projectDirPath = "";
			projectRoot = "";
			targets = (
				8753A5EB1F22633C00BA4AD4 /* housekeeper */,
			);
		};
/* End PBXProject section */

/* Begin PBXResourcesBuildPhase section */
		8753A5EA1F22633C00BA4AD4 /* Resources */ = {
			isa = PBXResourcesBuildPhase;
			buildActionMask = 2147483647;
			files = (
				87856D571F8E0FB800D053DA /* assets.xcassets in Resources */,
				8763BF0F1F8DCB5000CA4E89 /* assets in Resources */,
				3D52A0885CC01144DF290BE8 /* Podfile in Resources */,
				3D52ADE9D59950C4AC6EAC0C /* .gitkeep in Resources */,
			);
			runOnlyForDeploymentPostprocessing = 0;
		};
/* End PBXResourcesBuildPhase section */

/* Begin PBXShellScriptBuildPhase section */
		471705CCB59EB0F4AA392CF3 /* [CP] Embed Pods Frameworks */ = {
			isa = PBXShellScriptBuildPhase;
			buildActionMask = 2147483647;
			files = (
			);
			inputPaths = (
				"${SRCROOT}/Pods/Target Support Files/Pods-housekeeper/Pods-housekeeper-frameworks.sh",
				"${BUILT_PRODUCTS_DIR}/MBProgressHUD/MBProgressHUD.framework",
				"${BUILT_PRODUCTS_DIR}/RxCocoa/RxCocoa.framework",
				"${BUILT_PRODUCTS_DIR}/RxSwift/RxSwift.framework",
				"${BUILT_PRODUCTS_DIR}/SSZipArchive/SSZipArchive.framework",
				"${BUILT_PRODUCTS_DIR}/SnapKit/SnapKit.framework",
			);
			name = "[CP] Embed Pods Frameworks";
			outputPaths = (
				"${TARGET_BUILD_DIR}/${FRAMEWORKS_FOLDER_PATH}/MBProgressHUD.framework",
				"${TARGET_BUILD_DIR}/${FRAMEWORKS_FOLDER_PATH}/RxCocoa.framework",
				"${TARGET_BUILD_DIR}/${FRAMEWORKS_FOLDER_PATH}/RxSwift.framework",
				"${TARGET_BUILD_DIR}/${FRAMEWORKS_FOLDER_PATH}/SSZipArchive.framework",
				"${TARGET_BUILD_DIR}/${FRAMEWORKS_FOLDER_PATH}/SnapKit.framework",
			);
			runOnlyForDeploymentPostprocessing = 0;
			shellPath = /bin/sh;
			shellScript = "\"${SRCROOT}/Pods/Target Support Files/Pods-housekeeper/Pods-housekeeper-frameworks.sh\"\n";
			showEnvVarsInLog = 0;
		};
		4DB3506FE4B2C5673C8CFCD0 /* [CP] Check Pods Manifest.lock */ = {
			isa = PBXShellScriptBuildPhase;
			buildActionMask = 2147483647;
			files = (
			);
			inputPaths = (
				"${PODS_PODFILE_DIR_PATH}/Podfile.lock",
				"${PODS_ROOT}/Manifest.lock",
			);
			name = "[CP] Check Pods Manifest.lock";
			outputPaths = (
				"$(DERIVED_FILE_DIR)/Pods-housekeeper-checkManifestLockResult.txt",
			);
			runOnlyForDeploymentPostprocessing = 0;
			shellPath = /bin/sh;
			shellScript = "diff \"${PODS_PODFILE_DIR_PATH}/Podfile.lock\" \"${PODS_ROOT}/Manifest.lock\" > /dev/null\nif [ $? != 0 ] ; then\n    # print error to STDERR\n    echo \"error: The sandbox is not in sync with the Podfile.lock. Run 'pod install' or update your CocoaPods installation.\" >&2\n    exit 1\nfi\n# This output is used by Xcode 'outputs' to avoid re-running this script phase.\necho \"SUCCESS\" > \"${SCRIPT_OUTPUT_FILE_0}\"\n";
			showEnvVarsInLog = 0;
		};
		52CAED0E63853AA65807916F /* [CP] Copy Pods Resources */ = {
			isa = PBXShellScriptBuildPhase;
			buildActionMask = 2147483647;
			files = (
			);
			inputPaths = (
			);
			name = "[CP] Copy Pods Resources";
			outputPaths = (
			);
			runOnlyForDeploymentPostprocessing = 0;
			shellPath = /bin/sh;
			shellScript = "\"${SRCROOT}/Pods/Target Support Files/Pods-housekeeper/Pods-housekeeper-resources.sh\"\n";
			showEnvVarsInLog = 0;
		};
/* End PBXShellScriptBuildPhase section */

/* Begin PBXSourcesBuildPhase section */
		8753A5E81F22633C00BA4AD4 /* Sources */ = {
			isa = PBXSourcesBuildPhase;
			buildActionMask = 2147483647;
			files = (
				8763BF061F8DCA7800CA4E89 /* AppDelegate.swift in Sources */,
				8763BF091F8DCA7800CA4E89 /* HybirdWebViewController.swift in Sources */,
				3D52ABBF4471F259761AFD38 /* HybirdWebViewController2.swift in Sources */,
				3D52AE3C9BA928668CC66FF6 /* UIButtonWithImage.swift in Sources */,
				3D52A0E5B88F5DD46D1D63CA /* UIColor+Ext.swift in Sources */,
				3D52A15B8DEA7866D3572B3D /* HKFileUtil.swift in Sources */,
				3D52AA96DE6D424D6669689A /* HybirdManager.swift in Sources */,
			);
			runOnlyForDeploymentPostprocessing = 0;
		};
/* End PBXSourcesBuildPhase section */

/* Begin PBXVariantGroup section */
		8763BEE91F8DCA5400CA4E89 /* LaunchScreen.storyboard */ = {
			isa = PBXVariantGroup;
			children = (
				8763BEEA1F8DCA5400CA4E89 /* Base */,
			);
			name = LaunchScreen.storyboard;
			sourceTree = "<group>";
		};
		8763BEEB1F8DCA5400CA4E89 /* Main.storyboard */ = {
			isa = PBXVariantGroup;
			children = (
				8763BEEC1F8DCA5400CA4E89 /* Base */,
			);
			name = Main.storyboard;
			sourceTree = "<group>";
		};
/* End PBXVariantGroup section */

/* Begin XCBuildConfiguration section */
		8753A5FC1F22633C00BA4AD4 /* Debug */ = {
			isa = XCBuildConfiguration;
			buildSettings = {
				ALWAYS_SEARCH_USER_PATHS = NO;
				CLANG_ANALYZER_NONNULL = YES;
				CLANG_ANALYZER_NUMBER_OBJECT_CONVERSION = YES_AGGRESSIVE;
				CLANG_CXX_LANGUAGE_STANDARD = "gnu++0x";
				CLANG_CXX_LIBRARY = "libc++";
				CLANG_ENABLE_MODULES = YES;
				CLANG_ENABLE_OBJC_ARC = YES;
				CLANG_WARN_BLOCK_CAPTURE_AUTORELEASING = YES;
				CLANG_WARN_BOOL_CONVERSION = YES;
				CLANG_WARN_COMMA = YES;
				CLANG_WARN_CONSTANT_CONVERSION = YES;
				CLANG_WARN_DIRECT_OBJC_ISA_USAGE = YES_ERROR;
				CLANG_WARN_DOCUMENTATION_COMMENTS = YES;
				CLANG_WARN_EMPTY_BODY = YES;
				CLANG_WARN_ENUM_CONVERSION = YES;
				CLANG_WARN_INFINITE_RECURSION = YES;
				CLANG_WARN_INT_CONVERSION = YES;
				CLANG_WARN_NON_LITERAL_NULL_CONVERSION = YES;
				CLANG_WARN_OBJC_LITERAL_CONVERSION = YES;
				CLANG_WARN_OBJC_ROOT_CLASS = YES_ERROR;
				CLANG_WARN_RANGE_LOOP_ANALYSIS = YES;
				CLANG_WARN_STRICT_PROTOTYPES = YES;
				CLANG_WARN_SUSPICIOUS_MOVE = YES;
				CLANG_WARN_UNREACHABLE_CODE = YES;
				CLANG_WARN__DUPLICATE_METHOD_MATCH = YES;
				"CODE_SIGN_IDENTITY[sdk=iphoneos*]" = "iPhone Developer";
				COPY_PHASE_STRIP = NO;
				DEBUG_INFORMATION_FORMAT = dwarf;
				ENABLE_STRICT_OBJC_MSGSEND = YES;
				ENABLE_TESTABILITY = YES;
				GCC_C_LANGUAGE_STANDARD = gnu99;
				GCC_DYNAMIC_NO_PIC = NO;
				GCC_NO_COMMON_BLOCKS = YES;
				GCC_OPTIMIZATION_LEVEL = 0;
				GCC_PREPROCESSOR_DEFINITIONS = (
					"DEBUG=1",
					"$(inherited)",
				);
				GCC_WARN_64_TO_32_BIT_CONVERSION = YES;
				GCC_WARN_ABOUT_RETURN_TYPE = YES_ERROR;
				GCC_WARN_UNDECLARED_SELECTOR = YES;
				GCC_WARN_UNINITIALIZED_AUTOS = YES_AGGRESSIVE;
				GCC_WARN_UNUSED_FUNCTION = YES;
				GCC_WARN_UNUSED_VARIABLE = YES;
				IPHONEOS_DEPLOYMENT_TARGET = 8.0;
				MTL_ENABLE_DEBUG_INFO = YES;
				ONLY_ACTIVE_ARCH = YES;
				OTHER_CODE_SIGN_FLAGS = "";
				PRELINK_LIBS = "";
				SDKROOT = iphoneos;
				SWIFT_ACTIVE_COMPILATION_CONDITIONS = DEBUG;
				SWIFT_OPTIMIZATION_LEVEL = "-Onone";
				SWIFT_VERSION = 4.0;
				TARGETED_DEVICE_FAMILY = "1,2";
			};
			name = Debug;
		};
		8753A5FD1F22633C00BA4AD4 /* Release */ = {
			isa = XCBuildConfiguration;
			buildSettings = {
				ALWAYS_SEARCH_USER_PATHS = NO;
				CLANG_ANALYZER_NONNULL = YES;
				CLANG_ANALYZER_NUMBER_OBJECT_CONVERSION = YES_AGGRESSIVE;
				CLANG_CXX_LANGUAGE_STANDARD = "gnu++0x";
				CLANG_CXX_LIBRARY = "libc++";
				CLANG_ENABLE_MODULES = YES;
				CLANG_ENABLE_OBJC_ARC = YES;
				CLANG_WARN_BLOCK_CAPTURE_AUTORELEASING = YES;
				CLANG_WARN_BOOL_CONVERSION = YES;
				CLANG_WARN_COMMA = YES;
				CLANG_WARN_CONSTANT_CONVERSION = YES;
				CLANG_WARN_DIRECT_OBJC_ISA_USAGE = YES_ERROR;
				CLANG_WARN_DOCUMENTATION_COMMENTS = YES;
				CLANG_WARN_EMPTY_BODY = YES;
				CLANG_WARN_ENUM_CONVERSION = YES;
				CLANG_WARN_INFINITE_RECURSION = YES;
				CLANG_WARN_INT_CONVERSION = YES;
				CLANG_WARN_NON_LITERAL_NULL_CONVERSION = YES;
				CLANG_WARN_OBJC_LITERAL_CONVERSION = YES;
				CLANG_WARN_OBJC_ROOT_CLASS = YES_ERROR;
				CLANG_WARN_RANGE_LOOP_ANALYSIS = YES;
				CLANG_WARN_STRICT_PROTOTYPES = YES;
				CLANG_WARN_SUSPICIOUS_MOVE = YES;
				CLANG_WARN_UNREACHABLE_CODE = YES;
				CLANG_WARN__DUPLICATE_METHOD_MATCH = YES;
				"CODE_SIGN_IDENTITY[sdk=iphoneos*]" = "iPhone Developer";
				COPY_PHASE_STRIP = NO;
				DEBUG_INFORMATION_FORMAT = "dwarf-with-dsym";
				ENABLE_NS_ASSERTIONS = NO;
				ENABLE_STRICT_OBJC_MSGSEND = YES;
				GCC_C_LANGUAGE_STANDARD = gnu99;
				GCC_NO_COMMON_BLOCKS = YES;
				GCC_WARN_64_TO_32_BIT_CONVERSION = YES;
				GCC_WARN_ABOUT_RETURN_TYPE = YES_ERROR;
				GCC_WARN_UNDECLARED_SELECTOR = YES;
				GCC_WARN_UNINITIALIZED_AUTOS = YES_AGGRESSIVE;
				GCC_WARN_UNUSED_FUNCTION = YES;
				GCC_WARN_UNUSED_VARIABLE = YES;
				IPHONEOS_DEPLOYMENT_TARGET = 8.0;
				MTL_ENABLE_DEBUG_INFO = NO;
				OTHER_CODE_SIGN_FLAGS = "";
				PRELINK_LIBS = "";
				SDKROOT = iphoneos;
				SWIFT_OPTIMIZATION_LEVEL = "-Owholemodule";
				SWIFT_VERSION = 4.0;
				TARGETED_DEVICE_FAMILY = "1,2";
				VALIDATE_PRODUCT = YES;
			};
			name = Release;
		};
		8753A5FF1F22633C00BA4AD4 /* Debug */ = {
			isa = XCBuildConfiguration;
			baseConfigurationReference = D758266E12247889767BE3A9 /* Pods-housekeeper.debug.xcconfig */;
			buildSettings = {
				ASSETCATALOG_COMPILER_APPICON_NAME = AppIcon;
				DEVELOPMENT_TEAM = T295MMEZ9W;
				INFOPLIST_FILE = "$(SRCROOT)/arsenal/apps/app-housekeeper/Info.plist";
				IPHONEOS_DEPLOYMENT_TARGET = 9.0;
				LD_RUNPATH_SEARCH_PATHS = "$(inherited) @executable_path/Frameworks";
				PRODUCT_BUNDLE_IDENTIFIER = com.smart.housekeeper;
				PRODUCT_NAME = "$(TARGET_NAME)";
				SWIFT_SWIFT3_OBJC_INFERENCE = Default;
				SWIFT_VERSION = 4.0;
				WARNING_CFLAGS = "";
			};
			name = Debug;
		};
		8753A6001F22633C00BA4AD4 /* Release */ = {
			isa = XCBuildConfiguration;
			baseConfigurationReference = 06D69C8B9ACC2B092CE66DFE /* Pods-housekeeper.release.xcconfig */;
			buildSettings = {
				ASSETCATALOG_COMPILER_APPICON_NAME = AppIcon;
				DEVELOPMENT_TEAM = T295MMEZ9W;
				INFOPLIST_FILE = "$(SRCROOT)/arsenal/apps/app-housekeeper/Info.plist";
				IPHONEOS_DEPLOYMENT_TARGET = 9.0;
				LD_RUNPATH_SEARCH_PATHS = "$(inherited) @executable_path/Frameworks";
				PRODUCT_BUNDLE_IDENTIFIER = com.smart.housekeeper;
				PRODUCT_NAME = "$(TARGET_NAME)";
				SWIFT_SWIFT3_OBJC_INFERENCE = Default;
				SWIFT_VERSION = 4.0;
				WARNING_CFLAGS = "";
			};
			name = Release;
		};
/* End XCBuildConfiguration section */

/* Begin XCConfigurationList section */
		8753A5E71F22633C00BA4AD4 /* Build configuration list for PBXProject "housekeeper" */ = {
			isa = XCConfigurationList;
			buildConfigurations = (
				8753A5FC1F22633C00BA4AD4 /* Debug */,
				8753A5FD1F22633C00BA4AD4 /* Release */,
			);
			defaultConfigurationIsVisible = 0;
			defaultConfigurationName = Release;
		};
		8753A5FE1F22633C00BA4AD4 /* Build configuration list for PBXNativeTarget "housekeeper" */ = {
			isa = XCConfigurationList;
			buildConfigurations = (
				8753A5FF1F22633C00BA4AD4 /* Debug */,
				8753A6001F22633C00BA4AD4 /* Release */,
			);
			defaultConfigurationIsVisible = 0;
			defaultConfigurationName = Release;
		};
/* End XCConfigurationList section */
	};
	rootObject = 8753A5E41F22633C00BA4AD4 /* Project object */;
}
