// !$*UTF8*$!
{
	archiveVersion = 1;
	classes = {
	};
	objectVersion = 51;
	objects = {

/* Begin PBXBuildFile section */
		6194A21EB1CFFA96A7D40F4C /* STEventUserInfo.m in Sources */ = {isa = PBXBuildFile; fileRef = 6194AC3B50AF32B4528C35D7 /* STEventUserInfo.m */; };
		6194A3D8D65391E05300C9BA /* STEventSubscribeModel.m in Sources */ = {isa = PBXBuildFile; fileRef = 6194A3804CD0AC77375C6BD4 /* STEventSubscribeModel.m */; };
		6194A41225F8EB92C2694788 /* STBaseTabBarController.m in Sources */ = {isa = PBXBuildFile; fileRef = 6194A9C8B53670E50A43AAF8 /* STBaseTabBarController.m */; };
		6194A41418491260F8812C45 /* STEventDebug.m in Sources */ = {isa = PBXBuildFile; fileRef = 6194A7E091970BA5D58DDB3C /* STEventDebug.m */; };
		6194A4CAFD9F60F4084051B3 /* STBaseViewController.m in Sources */ = {isa = PBXBuildFile; fileRef = 6194A0994C02CAD7478308B2 /* STBaseViewController.m */; };
		6194A9E937DE8D0C19B07E77 /* STEventPoster.m in Sources */ = {isa = PBXBuildFile; fileRef = 6194A3716B82955316783691 /* STEventPoster.m */; };
		6194AA549A1365D5846FA2C1 /* STEvent.m in Sources */ = {isa = PBXBuildFile; fileRef = 6194ADD07A0B13B8AA1B1FD6 /* STEvent.m */; };
		6194AA9CB70EDAA78174C682 /* STEventSubscriber.m in Sources */ = {isa = PBXBuildFile; fileRef = 6194A8F6C710843F5E6DD1D5 /* STEventSubscriber.m */; };
		6194AE78F16107D158F47C7D /* STEventBus.m in Sources */ = {isa = PBXBuildFile; fileRef = 6194A0CCAE7B7447858B63C7 /* STEventBus.m */; };
		6A1C73961E4FCE90780F767E /* libPods-Template.a in Frameworks */ = {isa = PBXBuildFile; fileRef = 238F29E3F09DAEC521EB271C /* libPods-Template.a */; };
		F81FAFFE247677E800CF4FC8 /* STBaseNavigationController.m in Sources */ = {isa = PBXBuildFile; fileRef = F81FAFF6247677E800CF4FC8 /* STBaseNavigationController.m */; };
		F86803DD247670A400D29159 /* AppDelegate.m in Sources */ = {isa = PBXBuildFile; fileRef = F86803DC247670A400D29159 /* AppDelegate.m */; };
		F86803E0247670A400D29159 /* SceneDelegate.m in Sources */ = {isa = PBXBuildFile; fileRef = F86803DF247670A400D29159 /* SceneDelegate.m */; };
		F86803E8247670A500D29159 /* Assets.xcassets in Resources */ = {isa = PBXBuildFile; fileRef = F86803E7247670A500D29159 /* Assets.xcassets */; };
		F86803EB247670A500D29159 /* LaunchScreen.storyboard in Resources */ = {isa = PBXBuildFile; fileRef = F86803E9247670A500D29159 /* LaunchScreen.storyboard */; };
		F86803EE247670A500D29159 /* main.m in Sources */ = {isa = PBXBuildFile; fileRef = F86803ED247670A500D29159 /* main.m */; };
		F8DB3E202477CC3000B3B5A0 /* STMainItemHomeViewController.m in Sources */ = {isa = PBXBuildFile; fileRef = F8DB3E1F2477CC3000B3B5A0 /* STMainItemHomeViewController.m */; };
		F8DB3E232477CC7A00B3B5A0 /* STMainItemReactNativeViewController.m in Sources */ = {isa = PBXBuildFile; fileRef = F8DB3E222477CC7A00B3B5A0 /* STMainItemReactNativeViewController.m */; };
		F8DB3E262477CC9700B3B5A0 /* STMainItemHybirdViewController.m in Sources */ = {isa = PBXBuildFile; fileRef = F8DB3E252477CC9700B3B5A0 /* STMainItemHybirdViewController.m */; };
		F8DB3E292477CCDC00B3B5A0 /* STMainItemFlutterViewController.m in Sources */ = {isa = PBXBuildFile; fileRef = F8DB3E282477CCDC00B3B5A0 /* STMainItemFlutterViewController.m */; };
		F8DB3E2C2477CD7C00B3B5A0 /* STMainTabBarViewController.m in Sources */ = {isa = PBXBuildFile; fileRef = F8DB3E2B2477CD7C00B3B5A0 /* STMainTabBarViewController.m */; };
		F8F85E38247B6C0C00C6BFFA /* UIView+OnClickListener.m in Sources */ = {isa = PBXBuildFile; fileRef = F8F85E37247B6C0C00C6BFFA /* UIView+OnClickListener.m */; };
		F8F85E3C247BBAB500C6BFFA /* STSystemUtil.m in Sources */ = {isa = PBXBuildFile; fileRef = F8F85E3B247BBAB500C6BFFA /* STSystemUtil.m */; };
		F8F85E40247BCFF900C6BFFA /* STListViewController.m in Sources */ = {isa = PBXBuildFile; fileRef = F8F85E3F247BCFF900C6BFFA /* STListViewController.m */; };
/* End PBXBuildFile section */

/* Begin PBXFileReference section */
		238F29E3F09DAEC521EB271C /* libPods-Template.a */ = {isa = PBXFileReference; explicitFileType = archive.ar; includeInIndex = 0; path = "libPods-Template.a"; sourceTree = BUILT_PRODUCTS_DIR; };
		6194A0994C02CAD7478308B2 /* STBaseViewController.m */ = {isa = PBXFileReference; fileEncoding = 4; lastKnownFileType = sourcecode.c.objc; path = STBaseViewController.m; sourceTree = "<group>"; };
		6194A0CCAE7B7447858B63C7 /* STEventBus.m */ = {isa = PBXFileReference; fileEncoding = 4; lastKnownFileType = sourcecode.c.objc; path = STEventBus.m; sourceTree = "<group>"; };
		6194A185E8E4521FDD4A5022 /* STEventBus.h */ = {isa = PBXFileReference; fileEncoding = 4; lastKnownFileType = sourcecode.c.h; path = STEventBus.h; sourceTree = "<group>"; };
		6194A219CE9E0FEE52DFA586 /* STEvent.h */ = {isa = PBXFileReference; fileEncoding = 4; lastKnownFileType = sourcecode.c.h; path = STEvent.h; sourceTree = "<group>"; };
		6194A3716B82955316783691 /* STEventPoster.m */ = {isa = PBXFileReference; fileEncoding = 4; lastKnownFileType = sourcecode.c.objc; path = STEventPoster.m; sourceTree = "<group>"; };
		6194A3804CD0AC77375C6BD4 /* STEventSubscribeModel.m */ = {isa = PBXFileReference; fileEncoding = 4; lastKnownFileType = sourcecode.c.objc; path = STEventSubscribeModel.m; sourceTree = "<group>"; };
		6194A46B349939BC7E06FDE3 /* STEventUserInfo.h */ = {isa = PBXFileReference; fileEncoding = 4; lastKnownFileType = sourcecode.c.h; path = STEventUserInfo.h; sourceTree = "<group>"; };
		6194A5657ACBEF5628A9E6AB /* STEventDefinition.h */ = {isa = PBXFileReference; fileEncoding = 4; lastKnownFileType = sourcecode.c.h; path = STEventDefinition.h; sourceTree = "<group>"; };
		6194A686AD61A6519B9946DB /* STEventPoster.h */ = {isa = PBXFileReference; fileEncoding = 4; lastKnownFileType = sourcecode.c.h; path = STEventPoster.h; sourceTree = "<group>"; };
		6194A7E091970BA5D58DDB3C /* STEventDebug.m */ = {isa = PBXFileReference; fileEncoding = 4; lastKnownFileType = sourcecode.c.objc; path = STEventDebug.m; sourceTree = "<group>"; };
		6194A8A4AA2C8D2640BB8978 /* STEventDebug.h */ = {isa = PBXFileReference; fileEncoding = 4; lastKnownFileType = sourcecode.c.h; path = STEventDebug.h; sourceTree = "<group>"; };
		6194A8F6C710843F5E6DD1D5 /* STEventSubscriber.m */ = {isa = PBXFileReference; fileEncoding = 4; lastKnownFileType = sourcecode.c.objc; path = STEventSubscriber.m; sourceTree = "<group>"; };
		6194A9C8B53670E50A43AAF8 /* STBaseTabBarController.m */ = {isa = PBXFileReference; fileEncoding = 4; lastKnownFileType = sourcecode.c.objc; path = STBaseTabBarController.m; sourceTree = "<group>"; };
		6194AA32EDB57E003BBC93D4 /* STEventSubscriber.h */ = {isa = PBXFileReference; fileEncoding = 4; lastKnownFileType = sourcecode.c.h; path = STEventSubscriber.h; sourceTree = "<group>"; };
		6194AC14731E4DFA1849E3C7 /* STBaseTabBarController.h */ = {isa = PBXFileReference; fileEncoding = 4; lastKnownFileType = sourcecode.c.h; path = STBaseTabBarController.h; sourceTree = "<group>"; };
		6194AC3B50AF32B4528C35D7 /* STEventUserInfo.m */ = {isa = PBXFileReference; fileEncoding = 4; lastKnownFileType = sourcecode.c.objc; path = STEventUserInfo.m; sourceTree = "<group>"; };
		6194AD38B6F8F440456768C1 /* STEventSubscribeModel.h */ = {isa = PBXFileReference; fileEncoding = 4; lastKnownFileType = sourcecode.c.h; path = STEventSubscribeModel.h; sourceTree = "<group>"; };
		6194ADD05B88259BCC706CD4 /* STEventBusKit.h */ = {isa = PBXFileReference; fileEncoding = 4; lastKnownFileType = sourcecode.c.h; path = STEventBusKit.h; sourceTree = "<group>"; };
		6194ADD07A0B13B8AA1B1FD6 /* STEvent.m */ = {isa = PBXFileReference; fileEncoding = 4; lastKnownFileType = sourcecode.c.objc; path = STEvent.m; sourceTree = "<group>"; };
		6194AF496EF2C5BB72CFB14A /* STBaseViewController.h */ = {isa = PBXFileReference; fileEncoding = 4; lastKnownFileType = sourcecode.c.h; path = STBaseViewController.h; sourceTree = "<group>"; };
		9E3406830F9D830F9D90426A /* Pods-Template.release.xcconfig */ = {isa = PBXFileReference; includeInIndex = 1; lastKnownFileType = text.xcconfig; name = "Pods-Template.release.xcconfig"; path = "Target Support Files/Pods-Template/Pods-Template.release.xcconfig"; sourceTree = "<group>"; };
		C13517C33FBB42FE493024DC /* Pods-Template.debug.xcconfig */ = {isa = PBXFileReference; includeInIndex = 1; lastKnownFileType = text.xcconfig; name = "Pods-Template.debug.xcconfig"; path = "Target Support Files/Pods-Template/Pods-Template.debug.xcconfig"; sourceTree = "<group>"; };
		F81FAFF6247677E800CF4FC8 /* STBaseNavigationController.m */ = {isa = PBXFileReference; fileEncoding = 4; lastKnownFileType = sourcecode.c.objc; path = STBaseNavigationController.m; sourceTree = "<group>"; };
		F81FAFF7247677E800CF4FC8 /* STBaseNavigationController.h */ = {isa = PBXFileReference; fileEncoding = 4; lastKnownFileType = sourcecode.c.h; path = STBaseNavigationController.h; sourceTree = "<group>"; };
		F86803D8247670A400D29159 /* Template.app */ = {isa = PBXFileReference; explicitFileType = wrapper.application; includeInIndex = 0; path = Template.app; sourceTree = BUILT_PRODUCTS_DIR; };
		F86803DB247670A400D29159 /* AppDelegate.h */ = {isa = PBXFileReference; lastKnownFileType = sourcecode.c.h; path = AppDelegate.h; sourceTree = "<group>"; };
		F86803DC247670A400D29159 /* AppDelegate.m */ = {isa = PBXFileReference; lastKnownFileType = sourcecode.c.objc; path = AppDelegate.m; sourceTree = "<group>"; };
		F86803DE247670A400D29159 /* SceneDelegate.h */ = {isa = PBXFileReference; lastKnownFileType = sourcecode.c.h; path = SceneDelegate.h; sourceTree = "<group>"; };
		F86803DF247670A400D29159 /* SceneDelegate.m */ = {isa = PBXFileReference; lastKnownFileType = sourcecode.c.objc; path = SceneDelegate.m; sourceTree = "<group>"; };
		F86803E7247670A500D29159 /* Assets.xcassets */ = {isa = PBXFileReference; lastKnownFileType = folder.assetcatalog; path = Assets.xcassets; sourceTree = "<group>"; };
		F86803EA247670A500D29159 /* Base */ = {isa = PBXFileReference; lastKnownFileType = file.storyboard; name = Base; path = Base.lproj/LaunchScreen.storyboard; sourceTree = "<group>"; };
		F86803EC247670A500D29159 /* Info.plist */ = {isa = PBXFileReference; lastKnownFileType = text.plist.xml; path = Info.plist; sourceTree = "<group>"; };
		F86803ED247670A500D29159 /* main.m */ = {isa = PBXFileReference; lastKnownFileType = sourcecode.c.objc; path = main.m; sourceTree = "<group>"; };
		F8DB3C9024768DED00B3B5A0 /* PrefixHeader.pch */ = {isa = PBXFileReference; lastKnownFileType = sourcecode.c.h; path = PrefixHeader.pch; sourceTree = "<group>"; };
		F8DB3E1E2477CC3000B3B5A0 /* STMainItemHomeViewController.h */ = {isa = PBXFileReference; lastKnownFileType = sourcecode.c.h; path = STMainItemHomeViewController.h; sourceTree = "<group>"; };
		F8DB3E1F2477CC3000B3B5A0 /* STMainItemHomeViewController.m */ = {isa = PBXFileReference; lastKnownFileType = sourcecode.c.objc; path = STMainItemHomeViewController.m; sourceTree = "<group>"; };
		F8DB3E212477CC7A00B3B5A0 /* STMainItemReactNativeViewController.h */ = {isa = PBXFileReference; lastKnownFileType = sourcecode.c.h; path = STMainItemReactNativeViewController.h; sourceTree = "<group>"; };
		F8DB3E222477CC7A00B3B5A0 /* STMainItemReactNativeViewController.m */ = {isa = PBXFileReference; lastKnownFileType = sourcecode.c.objc; path = STMainItemReactNativeViewController.m; sourceTree = "<group>"; };
		F8DB3E242477CC9700B3B5A0 /* STMainItemHybirdViewController.h */ = {isa = PBXFileReference; lastKnownFileType = sourcecode.c.h; path = STMainItemHybirdViewController.h; sourceTree = "<group>"; };
		F8DB3E252477CC9700B3B5A0 /* STMainItemHybirdViewController.m */ = {isa = PBXFileReference; lastKnownFileType = sourcecode.c.objc; path = STMainItemHybirdViewController.m; sourceTree = "<group>"; };
		F8DB3E272477CCDC00B3B5A0 /* STMainItemFlutterViewController.h */ = {isa = PBXFileReference; lastKnownFileType = sourcecode.c.h; path = STMainItemFlutterViewController.h; sourceTree = "<group>"; };
		F8DB3E282477CCDC00B3B5A0 /* STMainItemFlutterViewController.m */ = {isa = PBXFileReference; lastKnownFileType = sourcecode.c.objc; path = STMainItemFlutterViewController.m; sourceTree = "<group>"; };
		F8DB3E2A2477CD7C00B3B5A0 /* STMainTabBarViewController.h */ = {isa = PBXFileReference; lastKnownFileType = sourcecode.c.h; path = STMainTabBarViewController.h; sourceTree = "<group>"; };
		F8DB3E2B2477CD7C00B3B5A0 /* STMainTabBarViewController.m */ = {isa = PBXFileReference; lastKnownFileType = sourcecode.c.objc; path = STMainTabBarViewController.m; sourceTree = "<group>"; };
		F8F85E36247B6C0C00C6BFFA /* UIView+OnClickListener.h */ = {isa = PBXFileReference; lastKnownFileType = sourcecode.c.h; path = "UIView+OnClickListener.h"; sourceTree = "<group>"; };
		F8F85E37247B6C0C00C6BFFA /* UIView+OnClickListener.m */ = {isa = PBXFileReference; lastKnownFileType = sourcecode.c.objc; path = "UIView+OnClickListener.m"; sourceTree = "<group>"; };
		F8F85E3A247BBAB500C6BFFA /* STSystemUtil.h */ = {isa = PBXFileReference; lastKnownFileType = sourcecode.c.h; path = STSystemUtil.h; sourceTree = "<group>"; };
		F8F85E3B247BBAB500C6BFFA /* STSystemUtil.m */ = {isa = PBXFileReference; lastKnownFileType = sourcecode.c.objc; path = STSystemUtil.m; sourceTree = "<group>"; };
		F8F85E3E247BCFF900C6BFFA /* STListViewController.h */ = {isa = PBXFileReference; lastKnownFileType = sourcecode.c.h; path = STListViewController.h; sourceTree = "<group>"; };
		F8F85E3F247BCFF900C6BFFA /* STListViewController.m */ = {isa = PBXFileReference; lastKnownFileType = sourcecode.c.objc; path = STListViewController.m; sourceTree = "<group>"; };
/* End PBXFileReference section */

/* Begin PBXFrameworksBuildPhase section */
		F86803D5247670A400D29159 /* Frameworks */ = {
			isa = PBXFrameworksBuildPhase;
			buildActionMask = 2147483647;
			files = (
				6A1C73961E4FCE90780F767E /* libPods-Template.a in Frameworks */,
			);
			runOnlyForDeploymentPostprocessing = 0;
		};
/* End PBXFrameworksBuildPhase section */

/* Begin PBXGroup section */
		358852C8F05D11ADB9D30C53 /* Pods */ = {
			isa = PBXGroup;
			children = (
				C13517C33FBB42FE493024DC /* Pods-Template.debug.xcconfig */,
				9E3406830F9D830F9D90426A /* Pods-Template.release.xcconfig */,
			);
			path = Pods;
			sourceTree = "<group>";
		};
		6194A259F4BCC1F37FA8D86A /* Action */ = {
			isa = PBXGroup;
			children = (
				6194A686AD61A6519B9946DB /* STEventPoster.h */,
				6194A3716B82955316783691 /* STEventPoster.m */,
				6194AA32EDB57E003BBC93D4 /* STEventSubscriber.h */,
				6194A8F6C710843F5E6DD1D5 /* STEventSubscriber.m */,
			);
			path = Action;
			sourceTree = "<group>";
		};
		6194A673FD2E88C7CA75D245 /* Event */ = {
			isa = PBXGroup;
			children = (
				6194A219CE9E0FEE52DFA586 /* STEvent.h */,
				6194ADD07A0B13B8AA1B1FD6 /* STEvent.m */,
				6194A185E8E4521FDD4A5022 /* STEventBus.h */,
				6194A0CCAE7B7447858B63C7 /* STEventBus.m */,
			);
			path = Event;
			sourceTree = "<group>";
		};
		6194A7B777E02C7EB5AC4F1B /* EventBus */ = {
			isa = PBXGroup;
			children = (
				6194A9218BDD77671891A6C3 /* Objs */,
				6194AA35F570ADC23B1872D4 /* Debug */,
				6194A673FD2E88C7CA75D245 /* Event */,
				6194A259F4BCC1F37FA8D86A /* Action */,
				6194ADD05B88259BCC706CD4 /* STEventBusKit.h */,
				6194A5657ACBEF5628A9E6AB /* STEventDefinition.h */,
			);
			path = EventBus;
			sourceTree = "<group>";
		};
		6194A9218BDD77671891A6C3 /* Objs */ = {
			isa = PBXGroup;
			children = (
				6194A46B349939BC7E06FDE3 /* STEventUserInfo.h */,
				6194AC3B50AF32B4528C35D7 /* STEventUserInfo.m */,
				6194AD38B6F8F440456768C1 /* STEventSubscribeModel.h */,
				6194A3804CD0AC77375C6BD4 /* STEventSubscribeModel.m */,
			);
			path = Objs;
			sourceTree = "<group>";
		};
		6194AA35F570ADC23B1872D4 /* Debug */ = {
			isa = PBXGroup;
			children = (
				6194A8A4AA2C8D2640BB8978 /* STEventDebug.h */,
				6194A7E091970BA5D58DDB3C /* STEventDebug.m */,
			);
			path = Debug;
			sourceTree = "<group>";
		};
		A6735F12AD2E183378EB61DD /* Frameworks */ = {
			isa = PBXGroup;
			children = (
				238F29E3F09DAEC521EB271C /* libPods-Template.a */,
			);
			name = Frameworks;
			sourceTree = "<group>";
		};
		F81FAFEF247677E800CF4FC8 /* Libraries */ = {
			isa = PBXGroup;
			children = (
				F81FAFF0247677E800CF4FC8 /* LibraryFlutter */,
				F81FAFF5247677E800CF4FC8 /* LibraryBase */,
			);
			path = Libraries;
			sourceTree = "<group>";
		};
		F81FAFF0247677E800CF4FC8 /* LibraryFlutter */ = {
			isa = PBXGroup;
			children = (
			);
			path = LibraryFlutter;
			sourceTree = "<group>";
		};
		F81FAFF5247677E800CF4FC8 /* LibraryBase */ = {
			isa = PBXGroup;
			children = (
				F8F85E39247BBA9A00C6BFFA /* Util */,
				F81FAFF6247677E800CF4FC8 /* STBaseNavigationController.m */,
				F81FAFF7247677E800CF4FC8 /* STBaseNavigationController.h */,
				F81FAFF8247677E800CF4FC8 /* Categories */,
				6194A0994C02CAD7478308B2 /* STBaseViewController.m */,
				6194AF496EF2C5BB72CFB14A /* STBaseViewController.h */,
				6194A9C8B53670E50A43AAF8 /* STBaseTabBarController.m */,
				6194AC14731E4DFA1849E3C7 /* STBaseTabBarController.h */,
			);
			path = LibraryBase;
			sourceTree = "<group>";
		};
		F81FAFF8247677E800CF4FC8 /* Categories */ = {
			isa = PBXGroup;
			children = (
				F8F85E36247B6C0C00C6BFFA /* UIView+OnClickListener.h */,
				F8F85E37247B6C0C00C6BFFA /* UIView+OnClickListener.m */,
			);
			path = Categories;
			sourceTree = "<group>";
		};
		F86803CF247670A400D29159 = {
			isa = PBXGroup;
			children = (
				F8DB3E152477CB0F00B3B5A0 /* Modules */,
				F81FAFEF247677E800CF4FC8 /* Libraries */,
				F86803DA247670A400D29159 /* Template */,
				F86803D9247670A400D29159 /* Products */,
				358852C8F05D11ADB9D30C53 /* Pods */,
				A6735F12AD2E183378EB61DD /* Frameworks */,
			);
			sourceTree = "<group>";
		};
		F86803D9247670A400D29159 /* Products */ = {
			isa = PBXGroup;
			children = (
				F86803D8247670A400D29159 /* Template.app */,
			);
			name = Products;
			sourceTree = "<group>";
		};
		F86803DA247670A400D29159 /* Template */ = {
			isa = PBXGroup;
			children = (
				F86803DB247670A400D29159 /* AppDelegate.h */,
				F86803DC247670A400D29159 /* AppDelegate.m */,
				F86803DE247670A400D29159 /* SceneDelegate.h */,
				F86803DF247670A400D29159 /* SceneDelegate.m */,
				F86803E7247670A500D29159 /* Assets.xcassets */,
				F86803E9247670A500D29159 /* LaunchScreen.storyboard */,
				F86803EC247670A500D29159 /* Info.plist */,
				F86803ED247670A500D29159 /* main.m */,
				F8DB3C9024768DED00B3B5A0 /* PrefixHeader.pch */,
			);
			path = Template;
			sourceTree = "<group>";
		};
		F8DB3E152477CB0F00B3B5A0 /* Modules */ = {
			isa = PBXGroup;
			children = (
				F8F85E3D247BCFED00C6BFFA /* List */,
				F8DB3E162477CB2100B3B5A0 /* Main */,
			);
			path = Modules;
			sourceTree = "<group>";
		};
		F8DB3E162477CB2100B3B5A0 /* Main */ = {
			isa = PBXGroup;
			children = (
				F8DB3E1D2477CC0E00B3B5A0 /* Flutter */,
				F8DB3E1C2477CC0800B3B5A0 /* Hybird */,
				F8DB3E1B2477CBFF00B3B5A0 /* ReactNative */,
				F8DB3E1A2477CBF500B3B5A0 /* Home */,
				F8DB3E2A2477CD7C00B3B5A0 /* STMainTabBarViewController.h */,
				F8DB3E2B2477CD7C00B3B5A0 /* STMainTabBarViewController.m */,
			);
			path = Main;
			sourceTree = "<group>";
		};
		F8DB3E1A2477CBF500B3B5A0 /* Home */ = {
			isa = PBXGroup;
			children = (
				F8DB3E1E2477CC3000B3B5A0 /* STMainItemHomeViewController.h */,
				F8DB3E1F2477CC3000B3B5A0 /* STMainItemHomeViewController.m */,
			);
			path = Home;
			sourceTree = "<group>";
		};
		F8DB3E1B2477CBFF00B3B5A0 /* ReactNative */ = {
			isa = PBXGroup;
			children = (
				F8DB3E212477CC7A00B3B5A0 /* STMainItemReactNativeViewController.h */,
				F8DB3E222477CC7A00B3B5A0 /* STMainItemReactNativeViewController.m */,
			);
			path = ReactNative;
			sourceTree = "<group>";
		};
		F8DB3E1C2477CC0800B3B5A0 /* Hybird */ = {
			isa = PBXGroup;
			children = (
				F8DB3E242477CC9700B3B5A0 /* STMainItemHybirdViewController.h */,
				F8DB3E252477CC9700B3B5A0 /* STMainItemHybirdViewController.m */,
			);
			path = Hybird;
			sourceTree = "<group>";
		};
		F8DB3E1D2477CC0E00B3B5A0 /* Flutter */ = {
			isa = PBXGroup;
			children = (
				F8DB3E272477CCDC00B3B5A0 /* STMainItemFlutterViewController.h */,
				F8DB3E282477CCDC00B3B5A0 /* STMainItemFlutterViewController.m */,
			);
			path = Flutter;
			sourceTree = "<group>";
		};
		F8F85E39247BBA9A00C6BFFA /* Util */ = {
			isa = PBXGroup;
			children = (
				F8F85E3A247BBAB500C6BFFA /* STSystemUtil.h */,
				F8F85E3B247BBAB500C6BFFA /* STSystemUtil.m */,
				6194A7B777E02C7EB5AC4F1B /* EventBus */,
			);
			path = Util;
			sourceTree = "<group>";
		};
		F8F85E3D247BCFED00C6BFFA /* List */ = {
			isa = PBXGroup;
			children = (
				F8F85E3E247BCFF900C6BFFA /* STListViewController.h */,
				F8F85E3F247BCFF900C6BFFA /* STListViewController.m */,
			);
			path = List;
			sourceTree = "<group>";
		};
/* End PBXGroup section */

/* Begin PBXNativeTarget section */
		F86803D7247670A400D29159 /* Template */ = {
			isa = PBXNativeTarget;
			buildConfigurationList = F86803F1247670A500D29159 /* Build configuration list for PBXNativeTarget "Template" */;
			buildPhases = (
				D2369938B217BB9796D00D5A /* [CP] Check Pods Manifest.lock */,
				0F60943B397CC4BD17D8436D /* [CP-User] Run Flutter Build Script */,
				F86803D4247670A400D29159 /* Sources */,
				F86803D5247670A400D29159 /* Frameworks */,
				F86803D6247670A400D29159 /* Resources */,
				9D497019375F63F449DE99CB /* [CP] Copy Pods Resources */,
				2FB18E4D96572315AA67DC7D /* [CP] Embed Pods Frameworks */,
			);
			buildRules = (
			);
			dependencies = (
			);
			name = Template;
			productName = Template;
			productReference = F86803D8247670A400D29159 /* Template.app */;
			productType = "com.apple.product-type.application";
		};
/* End PBXNativeTarget section */

/* Begin PBXProject section */
		F86803D0247670A400D29159 /* Project object */ = {
			isa = PBXProject;
			attributes = {
				LastUpgradeCheck = 1130;
				ORGANIZATIONNAME = smart;
				TargetAttributes = {
					F86803D7247670A400D29159 = {
						CreatedOnToolsVersion = 11.3.1;
					};
				};
			};
			buildConfigurationList = F86803D3247670A400D29159 /* Build configuration list for PBXProject "Template" */;
			compatibilityVersion = "Xcode 9.3";
			developmentRegion = en;
			hasScannedForEncodings = 0;
			knownRegions = (
				en,
				Base,
			);
			mainGroup = F86803CF247670A400D29159;
			productRefGroup = F86803D9247670A400D29159 /* Products */;
			projectDirPath = "";
			projectRoot = "";
			targets = (
				F86803D7247670A400D29159 /* Template */,
			);
		};
/* End PBXProject section */

/* Begin PBXResourcesBuildPhase section */
		F86803D6247670A400D29159 /* Resources */ = {
			isa = PBXResourcesBuildPhase;
			buildActionMask = 2147483647;
			files = (
				F86803EB247670A500D29159 /* LaunchScreen.storyboard in Resources */,
				F86803E8247670A500D29159 /* Assets.xcassets in Resources */,
			);
			runOnlyForDeploymentPostprocessing = 0;
		};
/* End PBXResourcesBuildPhase section */

/* Begin PBXShellScriptBuildPhase section */
		0F60943B397CC4BD17D8436D /* [CP-User] Run Flutter Build Script */ = {
			isa = PBXShellScriptBuildPhase;
			buildActionMask = 2147483647;
			files = (
			);
			inputPaths = (
				"${SRCROOT}/../../flutter_module/.metadata",
				"${SRCROOT}/../../flutter_module/.ios/Flutter/App.framework/App",
				"${SRCROOT}/../../flutter_module/.ios/Flutter/engine/Flutter.framework/Flutter",
				"${SRCROOT}/../../flutter_module/.ios/Flutter/flutter_export_environment.sh",
			);
			name = "[CP-User] Run Flutter Build Script";
			runOnlyForDeploymentPostprocessing = 0;
			shellPath = /bin/sh;
			shellScript = "set -e\nset -u\nsource \"${SRCROOT}/../../flutter_module/.ios/Flutter/flutter_export_environment.sh\"\n\"$FLUTTER_ROOT\"/packages/flutter_tools/bin/xcode_backend.sh build";
		};
		2FB18E4D96572315AA67DC7D /* [CP] Embed Pods Frameworks */ = {
			isa = PBXShellScriptBuildPhase;
			buildActionMask = 2147483647;
			files = (
			);
			inputFileListPaths = (
				"${PODS_ROOT}/Target Support Files/Pods-Template/Pods-Template-frameworks-${CONFIGURATION}-input-files.xcfilelist",
			);
			name = "[CP] Embed Pods Frameworks";
			outputFileListPaths = (
				"${PODS_ROOT}/Target Support Files/Pods-Template/Pods-Template-frameworks-${CONFIGURATION}-output-files.xcfilelist",
			);
			runOnlyForDeploymentPostprocessing = 0;
			shellPath = /bin/sh;
			shellScript = "\"${PODS_ROOT}/Target Support Files/Pods-Template/Pods-Template-frameworks.sh\"\n";
			showEnvVarsInLog = 0;
		};
		9D497019375F63F449DE99CB /* [CP] Copy Pods Resources */ = {
			isa = PBXShellScriptBuildPhase;
			buildActionMask = 2147483647;
			files = (
			);
			inputFileListPaths = (
				"${PODS_ROOT}/Target Support Files/Pods-Template/Pods-Template-resources-${CONFIGURATION}-input-files.xcfilelist",
			);
			name = "[CP] Copy Pods Resources";
			outputFileListPaths = (
				"${PODS_ROOT}/Target Support Files/Pods-Template/Pods-Template-resources-${CONFIGURATION}-output-files.xcfilelist",
			);
			runOnlyForDeploymentPostprocessing = 0;
			shellPath = /bin/sh;
			shellScript = "\"${PODS_ROOT}/Target Support Files/Pods-Template/Pods-Template-resources.sh\"\n";
			showEnvVarsInLog = 0;
		};
		D2369938B217BB9796D00D5A /* [CP] Check Pods Manifest.lock */ = {
			isa = PBXShellScriptBuildPhase;
			buildActionMask = 2147483647;
			files = (
			);
			inputFileListPaths = (
			);
			inputPaths = (
				"${PODS_PODFILE_DIR_PATH}/Podfile.lock",
				"${PODS_ROOT}/Manifest.lock",
			);
			name = "[CP] Check Pods Manifest.lock";
			outputFileListPaths = (
			);
			outputPaths = (
				"$(DERIVED_FILE_DIR)/Pods-Template-checkManifestLockResult.txt",
			);
			runOnlyForDeploymentPostprocessing = 0;
			shellPath = /bin/sh;
			shellScript = "diff \"${PODS_PODFILE_DIR_PATH}/Podfile.lock\" \"${PODS_ROOT}/Manifest.lock\" > /dev/null\nif [ $? != 0 ] ; then\n    # print error to STDERR\n    echo \"error: The sandbox is not in sync with the Podfile.lock. Run 'pod install' or update your CocoaPods installation.\" >&2\n    exit 1\nfi\n# This output is used by Xcode 'outputs' to avoid re-running this script phase.\necho \"SUCCESS\" > \"${SCRIPT_OUTPUT_FILE_0}\"\n";
			showEnvVarsInLog = 0;
		};
/* End PBXShellScriptBuildPhase section */

/* Begin PBXSourcesBuildPhase section */
		F86803D4247670A400D29159 /* Sources */ = {
			isa = PBXSourcesBuildPhase;
			buildActionMask = 2147483647;
			files = (
				F86803DD247670A400D29159 /* AppDelegate.m in Sources */,
				F86803EE247670A500D29159 /* main.m in Sources */,
				F8F85E38247B6C0C00C6BFFA /* UIView+OnClickListener.m in Sources */,
				F8DB3E232477CC7A00B3B5A0 /* STMainItemReactNativeViewController.m in Sources */,
				F86803E0247670A400D29159 /* SceneDelegate.m in Sources */,
				F8DB3E262477CC9700B3B5A0 /* STMainItemHybirdViewController.m in Sources */,
				F8DB3E2C2477CD7C00B3B5A0 /* STMainTabBarViewController.m in Sources */,
				F8F85E3C247BBAB500C6BFFA /* STSystemUtil.m in Sources */,
				F8DB3E202477CC3000B3B5A0 /* STMainItemHomeViewController.m in Sources */,
				F8DB3E292477CCDC00B3B5A0 /* STMainItemFlutterViewController.m in Sources */,
				F81FAFFE247677E800CF4FC8 /* STBaseNavigationController.m in Sources */,
				F8F85E40247BCFF900C6BFFA /* STListViewController.m in Sources */,
				6194A4CAFD9F60F4084051B3 /* STBaseViewController.m in Sources */,
				6194A41225F8EB92C2694788 /* STBaseTabBarController.m in Sources */,
				6194A21EB1CFFA96A7D40F4C /* STEventUserInfo.m in Sources */,
				6194A3D8D65391E05300C9BA /* STEventSubscribeModel.m in Sources */,
				6194A41418491260F8812C45 /* STEventDebug.m in Sources */,
				6194AA549A1365D5846FA2C1 /* STEvent.m in Sources */,
				6194AE78F16107D158F47C7D /* STEventBus.m in Sources */,
				6194A9E937DE8D0C19B07E77 /* STEventPoster.m in Sources */,
				6194AA9CB70EDAA78174C682 /* STEventSubscriber.m in Sources */,
			);
			runOnlyForDeploymentPostprocessing = 0;
		};
/* End PBXSourcesBuildPhase section */

/* Begin PBXVariantGroup section */
		F86803E9247670A500D29159 /* LaunchScreen.storyboard */ = {
			isa = PBXVariantGroup;
			children = (
				F86803EA247670A500D29159 /* Base */,
			);
			name = LaunchScreen.storyboard;
			sourceTree = "<group>";
		};
/* End PBXVariantGroup section */

/* Begin XCBuildConfiguration section */
		F86803EF247670A500D29159 /* Debug */ = {
			isa = XCBuildConfiguration;
			buildSettings = {
				ALWAYS_SEARCH_USER_PATHS = NO;
				CLANG_ANALYZER_NONNULL = YES;
				CLANG_ANALYZER_NUMBER_OBJECT_CONVERSION = YES_AGGRESSIVE;
				CLANG_CXX_LANGUAGE_STANDARD = "gnu++14";
				CLANG_CXX_LIBRARY = "libc++";
				CLANG_ENABLE_MODULES = YES;
				CLANG_ENABLE_OBJC_ARC = YES;
				CLANG_ENABLE_OBJC_WEAK = YES;
				CLANG_WARN_BLOCK_CAPTURE_AUTORELEASING = YES;
				CLANG_WARN_BOOL_CONVERSION = YES;
				CLANG_WARN_COMMA = YES;
				CLANG_WARN_CONSTANT_CONVERSION = YES;
				CLANG_WARN_DEPRECATED_OBJC_IMPLEMENTATIONS = YES;
				CLANG_WARN_DIRECT_OBJC_ISA_USAGE = YES_ERROR;
				CLANG_WARN_DOCUMENTATION_COMMENTS = YES;
				CLANG_WARN_EMPTY_BODY = YES;
				CLANG_WARN_ENUM_CONVERSION = YES;
				CLANG_WARN_INFINITE_RECURSION = YES;
				CLANG_WARN_INT_CONVERSION = YES;
				CLANG_WARN_NON_LITERAL_NULL_CONVERSION = YES;
				CLANG_WARN_OBJC_IMPLICIT_RETAIN_SELF = YES;
				CLANG_WARN_OBJC_LITERAL_CONVERSION = YES;
				CLANG_WARN_OBJC_ROOT_CLASS = YES_ERROR;
				CLANG_WARN_RANGE_LOOP_ANALYSIS = YES;
				CLANG_WARN_STRICT_PROTOTYPES = YES;
				CLANG_WARN_SUSPICIOUS_MOVE = YES;
				CLANG_WARN_UNGUARDED_AVAILABILITY = YES_AGGRESSIVE;
				CLANG_WARN_UNREACHABLE_CODE = YES;
				CLANG_WARN__DUPLICATE_METHOD_MATCH = YES;
				COPY_PHASE_STRIP = NO;
				DEBUG_INFORMATION_FORMAT = dwarf;
				ENABLE_STRICT_OBJC_MSGSEND = YES;
				ENABLE_TESTABILITY = YES;
				GCC_C_LANGUAGE_STANDARD = gnu11;
				GCC_DYNAMIC_NO_PIC = NO;
				GCC_NO_COMMON_BLOCKS = YES;
				GCC_OPTIMIZATION_LEVEL = 0;
				GCC_PRECOMPILE_PREFIX_HEADER = YES;
				GCC_PREFIX_HEADER = "$(SRCROOT)/Template/PrefixHeader.pch";
				GCC_PREPROCESSOR_DEFINITIONS = (
					"DEBUG=1",
					"$(inherited)",
				);
				GCC_WARN_64_TO_32_BIT_CONVERSION = YES;
				GCC_WARN_ABOUT_RETURN_TYPE = YES_ERROR;
				GCC_WARN_UNDECLARED_SELECTOR = YES;
				GCC_WARN_UNINITIALIZED_AUTOS = YES_AGGRESSIVE;
				GCC_WARN_UNUSED_FUNCTION = YES;
				GCC_WARN_UNUSED_VARIABLE = YES;
				IPHONEOS_DEPLOYMENT_TARGET = 9.0;
				MTL_ENABLE_DEBUG_INFO = INCLUDE_SOURCE;
				MTL_FAST_MATH = YES;
				ONLY_ACTIVE_ARCH = YES;
				SDKROOT = iphoneos;
			};
			name = Debug;
		};
		F86803F0247670A500D29159 /* Release */ = {
			isa = XCBuildConfiguration;
			buildSettings = {
				ALWAYS_SEARCH_USER_PATHS = NO;
				CLANG_ANALYZER_NONNULL = YES;
				CLANG_ANALYZER_NUMBER_OBJECT_CONVERSION = YES_AGGRESSIVE;
				CLANG_CXX_LANGUAGE_STANDARD = "gnu++14";
				CLANG_CXX_LIBRARY = "libc++";
				CLANG_ENABLE_MODULES = YES;
				CLANG_ENABLE_OBJC_ARC = YES;
				CLANG_ENABLE_OBJC_WEAK = YES;
				CLANG_WARN_BLOCK_CAPTURE_AUTORELEASING = YES;
				CLANG_WARN_BOOL_CONVERSION = YES;
				CLANG_WARN_COMMA = YES;
				CLANG_WARN_CONSTANT_CONVERSION = YES;
				CLANG_WARN_DEPRECATED_OBJC_IMPLEMENTATIONS = YES;
				CLANG_WARN_DIRECT_OBJC_ISA_USAGE = YES_ERROR;
				CLANG_WARN_DOCUMENTATION_COMMENTS = YES;
				CLANG_WARN_EMPTY_BODY = YES;
				CLANG_WARN_ENUM_CONVERSION = YES;
				CLANG_WARN_INFINITE_RECURSION = YES;
				CLANG_WARN_INT_CONVERSION = YES;
				CLANG_WARN_NON_LITERAL_NULL_CONVERSION = YES;
				CLANG_WARN_OBJC_IMPLICIT_RETAIN_SELF = YES;
				CLANG_WARN_OBJC_LITERAL_CONVERSION = YES;
				CLANG_WARN_OBJC_ROOT_CLASS = YES_ERROR;
				CLANG_WARN_RANGE_LOOP_ANALYSIS = YES;
				CLANG_WARN_STRICT_PROTOTYPES = YES;
				CLANG_WARN_SUSPICIOUS_MOVE = YES;
				CLANG_WARN_UNGUARDED_AVAILABILITY = YES_AGGRESSIVE;
				CLANG_WARN_UNREACHABLE_CODE = YES;
				CLANG_WARN__DUPLICATE_METHOD_MATCH = YES;
				COPY_PHASE_STRIP = NO;
				DEBUG_INFORMATION_FORMAT = "dwarf-with-dsym";
				ENABLE_NS_ASSERTIONS = NO;
				ENABLE_STRICT_OBJC_MSGSEND = YES;
				GCC_C_LANGUAGE_STANDARD = gnu11;
				GCC_NO_COMMON_BLOCKS = YES;
				GCC_PRECOMPILE_PREFIX_HEADER = YES;
				GCC_PREFIX_HEADER = "$(SRCROOT)/Template/PrefixHeader.pch";
				GCC_WARN_64_TO_32_BIT_CONVERSION = YES;
				GCC_WARN_ABOUT_RETURN_TYPE = YES_ERROR;
				GCC_WARN_UNDECLARED_SELECTOR = YES;
				GCC_WARN_UNINITIALIZED_AUTOS = YES_AGGRESSIVE;
				GCC_WARN_UNUSED_FUNCTION = YES;
				GCC_WARN_UNUSED_VARIABLE = YES;
				IPHONEOS_DEPLOYMENT_TARGET = 9.0;
				MTL_ENABLE_DEBUG_INFO = NO;
				MTL_FAST_MATH = YES;
				SDKROOT = iphoneos;
				VALIDATE_PRODUCT = YES;
			};
			name = Release;
		};
		F86803F2247670A500D29159 /* Debug */ = {
			isa = XCBuildConfiguration;
			baseConfigurationReference = C13517C33FBB42FE493024DC /* Pods-Template.debug.xcconfig */;
			buildSettings = {
				ASSETCATALOG_COMPILER_APPICON_NAME = AppIcon;
				CODE_SIGN_STYLE = Automatic;
				DEVELOPMENT_TEAM = T295MMEZ9W;
				INFOPLIST_FILE = Template/Info.plist;
				IPHONEOS_DEPLOYMENT_TARGET = 9.0;
				LD_RUNPATH_SEARCH_PATHS = (
					"$(inherited)",
					"@executable_path/Frameworks",
				);
				PRODUCT_BUNDLE_IDENTIFIER = com.smart.Template;
				PRODUCT_NAME = "$(TARGET_NAME)";
				TARGETED_DEVICE_FAMILY = "1,2";
			};
			name = Debug;
		};
		F86803F3247670A500D29159 /* Release */ = {
			isa = XCBuildConfiguration;
			baseConfigurationReference = 9E3406830F9D830F9D90426A /* Pods-Template.release.xcconfig */;
			buildSettings = {
				ASSETCATALOG_COMPILER_APPICON_NAME = AppIcon;
				CODE_SIGN_STYLE = Automatic;
				DEVELOPMENT_TEAM = T295MMEZ9W;
				INFOPLIST_FILE = Template/Info.plist;
				IPHONEOS_DEPLOYMENT_TARGET = 9.0;
				LD_RUNPATH_SEARCH_PATHS = (
					"$(inherited)",
					"@executable_path/Frameworks",
				);
				PRODUCT_BUNDLE_IDENTIFIER = com.smart.Template;
				PRODUCT_NAME = "$(TARGET_NAME)";
				TARGETED_DEVICE_FAMILY = "1,2";
			};
			name = Release;
		};
/* End XCBuildConfiguration section */

/* Begin XCConfigurationList section */
		F86803D3247670A400D29159 /* Build configuration list for PBXProject "Template" */ = {
			isa = XCConfigurationList;
			buildConfigurations = (
				F86803EF247670A500D29159 /* Debug */,
				F86803F0247670A500D29159 /* Release */,
			);
			defaultConfigurationIsVisible = 0;
			defaultConfigurationName = Release;
		};
		F86803F1247670A500D29159 /* Build configuration list for PBXNativeTarget "Template" */ = {
			isa = XCConfigurationList;
			buildConfigurations = (
				F86803F2247670A500D29159 /* Debug */,
				F86803F3247670A500D29159 /* Release */,
			);
			defaultConfigurationIsVisible = 0;
			defaultConfigurationName = Release;
		};
/* End XCConfigurationList section */
	};
	rootObject = F86803D0247670A400D29159 /* Project object */;
}
