PODS:
  - Flutter (1.0.0)
  - flutter_module (0.0.1):
    - Flutter
  - FlutterPluginRegistrant (0.0.1):
    - Flutter
    - path_provider
    - shared_preferences
    - sqflite
  - FMDB (2.7.5):
    - FMDB/standard (= 2.7.5)
  - FMDB/standard (2.7.5)
  - Masonry (1.1.0)
  - path_provider (0.0.1):
    - Flutter
  - path_provider_macos (0.0.1):
    - Flutter
  - shared_preferences (0.0.1):
    - Flutter
  - shared_preferences_macos (0.0.1):
    - Flutter
  - shared_preferences_web (0.0.1):
    - Flutter
  - sqflite (0.0.1):
    - Flutter
    - FMDB (~> 2.7.2)

DEPENDENCIES:
  - Flutter (from `../../flutter_module/.ios/Flutter/engine`)
  - flutter_module (from `../../flutter_module/.ios/Flutter`)
  - FlutterPluginRegistrant (from `../../flutter_module/.ios/Flutter/FlutterPluginRegistrant`)
  - Masonry
  - path_provider (from `../../flutter_module/.ios/Flutter/.symlinks/path_provider/ios`)
  - path_provider_macos (from `../../flutter_module/.ios/Flutter/.symlinks/path_provider_macos/ios`)
  - shared_preferences (from `../../flutter_module/.ios/Flutter/.symlinks/shared_preferences/ios`)
  - shared_preferences_macos (from `../../flutter_module/.ios/Flutter/.symlinks/shared_preferences_macos/ios`)
  - shared_preferences_web (from `../../flutter_module/.ios/Flutter/.symlinks/shared_preferences_web/ios`)
  - sqflite (from `../../flutter_module/.ios/Flutter/.symlinks/sqflite/ios`)

SPEC REPOS:
  https://github.com/CocoaPods/Specs.git:
    - FMDB
    - Masonry

EXTERNAL SOURCES:
  Flutter:
    :path: "../../flutter_module/.ios/Flutter/engine"
  flutter_module:
    :path: "../../flutter_module/.ios/Flutter"
  FlutterPluginRegistrant:
    :path: "../../flutter_module/.ios/Flutter/FlutterPluginRegistrant"
  path_provider:
    :path: "../../flutter_module/.ios/Flutter/.symlinks/path_provider/ios"
  path_provider_macos:
    :path: "../../flutter_module/.ios/Flutter/.symlinks/path_provider_macos/ios"
  shared_preferences:
    :path: "../../flutter_module/.ios/Flutter/.symlinks/shared_preferences/ios"
  shared_preferences_macos:
    :path: "../../flutter_module/.ios/Flutter/.symlinks/shared_preferences_macos/ios"
  shared_preferences_web:
    :path: "../../flutter_module/.ios/Flutter/.symlinks/shared_preferences_web/ios"
  sqflite:
    :path: "../../flutter_module/.ios/Flutter/.symlinks/sqflite/ios"

SPEC CHECKSUMS:
  Flutter: 0e3d915762c693b495b44d77113d4970485de6ec
  flutter_module: 37f078337caf8acad3074374a49bf81442fd3e07
  FlutterPluginRegistrant: ba1992b4b656bee60fe89d2f79747c495dae2fb3
  FMDB: 2ce00b547f966261cd18927a3ddb07cb6f3db82a
  Masonry: 678fab65091a9290e40e2832a55e7ab731aad201
  path_provider: abfe2b5c733d04e238b0d8691db0cfd63a27a93c
  path_provider_macos: f760a3c5b04357c380e2fddb6f9db6f3015897e0
  shared_preferences: af6bfa751691cdc24be3045c43ec037377ada40d
  shared_preferences_macos: f3f29b71ccbb56bf40c9dd6396c9acf15e214087
  shared_preferences_web: 141cce0c3ed1a1c5bf2a0e44f52d31eeb66e5ea9
  sqflite: 4001a31ff81d210346b500c55b17f4d6c7589dd0

PODFILE CHECKSUM: a4e2c66be083d98bf1be2ffd62970ca480cdd649

COCOAPODS: 1.9.1
